<?xml version="1.0" encoding="utf-8"?>
<Project ToolsVersion="4.0" xmlns="http://schemas.microsoft.com/developer/msbuild/2003">
  <ItemGroup>
    <Filter Include="include">
      <UniqueIdentifier>{89AF369E-F58E-B539-FEA6-40106A051C9B}</UniqueIdentifier>
    </Filter>
    <Filter Include="include\OREML">
      <UniqueIdentifier>{779E8EA3-E35E-0ADA-AC99-535718194FB6}</UniqueIdentifier>
    </Filter>
    <Filter Include="src">
      <UniqueIdentifier>{2DAB880B-99B4-887C-2230-9F7C8E38947C}</UniqueIdentifier>
    </Filter>
    <Filter Include="vendor">
      <UniqueIdentifier>{B3738122-9F15-ACF8-88D0-BF4C74113349}</UniqueIdentifier>
    </Filter>
    <Filter Include="vendor\assimp">
      <UniqueIdentifier>{6F57A1F8-DB17-1D2F-A452-66AC10D2610B}</UniqueIdentifier>
    </Filter>
    <Filter Include="vendor\assimp\Compiler">
      <UniqueIdentifier>{B963A434-A55D-CD86-8ECA-63977A6333F3}</UniqueIdentifier>
    </Filter>
    <Filter Include="vendor\assimp\port">
      <UniqueIdentifier>{43268E7C-2F0A-4FD2-986A-4925846D3954}</UniqueIdentifier>
    </Filter>
    <Filter Include="vendor\assimp\port\AndroidJNI">
      <UniqueIdentifier>{B4803FE3-2099-260D-E945-B6A6551DBBA6}</UniqueIdentifier>
    </Filter>
    <Filter Include="vendor\contrib">
      <UniqueIdentifier>{B3BE179D-9F8C-0BA3-8820-7CC9748DE707}</UniqueIdentifier>
    </Filter>
    <Filter Include="vendor\contrib\utf8cpp">
      <UniqueIdentifier>{CC305937-B82A-8289-A197-189A8D30E8F5}</UniqueIdentifier>
    </Filter>
    <Filter Include="vendor\contrib\utf8cpp\source">
      <UniqueIdentifier>{6CF5E52B-D80D-CD55-A1BA-5CEF0D9261EF}</UniqueIdentifier>
    </Filter>
    <Filter Include="vendor\contrib\utf8cpp\source\utf8">
      <UniqueIdentifier>{C2DB68E2-AE17-6C4C-172A-844303851467}</UniqueIdentifier>
    </Filter>
  </ItemGroup>
  <ItemGroup>
    <ClInclude Include="include\OREML\Loader.h">
      <Filter>include\OREML</Filter>
    </ClInclude>
    <ClInclude Include="vendor\assimp\AssertHandler.h">
      <Filter>vendor\assimp</Filter>
    </ClInclude>
    <ClInclude Include="vendor\assimp\Base64.hpp">
      <Filter>vendor\assimp</Filter>
    </ClInclude>
    <ClInclude Include="vendor\assimp\BaseImporter.h">
      <Filter>vendor\assimp</Filter>
    </ClInclude>
    <ClInclude Include="vendor\assimp\Bitmap.h">
      <Filter>vendor\assimp</Filter>
    </ClInclude>
    <ClInclude Include="vendor\assimp\BlobIOSystem.h">
      <Filter>vendor\assimp</Filter>
    </ClInclude>
    <ClInclude Include="vendor\assimp\ByteSwapper.h">
      <Filter>vendor\assimp</Filter>
    </ClInclude>
    <ClInclude Include="vendor\assimp\ColladaMetaData.h">
      <Filter>vendor\assimp</Filter>
    </ClInclude>
    <ClInclude Include="vendor\assimp\Compiler\poppack1.h">
      <Filter>vendor\assimp\Compiler</Filter>
    </ClInclude>
    <ClInclude Include="vendor\assimp\Compiler\pstdint.h">
      <Filter>vendor\assimp\Compiler</Filter>
    </ClInclude>
    <ClInclude Include="vendor\assimp\Compiler\pushpack1.h">
      <Filter>vendor\assimp\Compiler</Filter>
    </ClInclude>
    <ClInclude Include="vendor\assimp\CreateAnimMesh.h">
      <Filter>vendor\assimp</Filter>
    </ClInclude>
    <ClInclude Include="vendor\assimp\DefaultIOStream.h">
      <Filter>vendor\assimp</Filter>
    </ClInclude>
    <ClInclude Include="vendor\assimp\DefaultIOSystem.h">
      <Filter>vendor\assimp</Filter>
    </ClInclude>
    <ClInclude Include="vendor\assimp\DefaultLogger.hpp">
      <Filter>vendor\assimp</Filter>
    </ClInclude>
    <ClInclude Include="vendor\assimp\Exceptional.h">
      <Filter>vendor\assimp</Filter>
    </ClInclude>
    <ClInclude Include="vendor\assimp\Exporter.hpp">
      <Filter>vendor\assimp</Filter>
    </ClInclude>
    <ClInclude Include="vendor\assimp\GenericProperty.h">
      <Filter>vendor\assimp</Filter>
    </ClInclude>
    <ClInclude Include="vendor\assimp\GltfMaterial.h">
      <Filter>vendor\assimp</Filter>
    </ClInclude>
    <ClInclude Include="vendor\assimp\Hash.h">
      <Filter>vendor\assimp</Filter>
    </ClInclude>
    <ClInclude Include="vendor\assimp\IOStream.hpp">
      <Filter>vendor\assimp</Filter>
    </ClInclude>
    <ClInclude Include="vendor\assimp\IOStreamBuffer.h">
      <Filter>vendor\assimp</Filter>
    </ClInclude>
    <ClInclude Include="vendor\assimp\IOSystem.hpp">
      <Filter>vendor\assimp</Filter>
    </ClInclude>
    <ClInclude Include="vendor\assimp\Importer.hpp">
      <Filter>vendor\assimp</Filter>
    </ClInclude>
    <ClInclude Include="vendor\assimp\LineSplitter.h">
      <Filter>vendor\assimp</Filter>
    </ClInclude>
    <ClInclude Include="vendor\assimp\LogAux.h">
      <Filter>vendor\assimp</Filter>
    </ClInclude>
    <ClInclude Include="vendor\assimp\LogStream.hpp">
      <Filter>vendor\assimp</Filter>
    </ClInclude>
    <ClInclude Include="vendor\assimp\Logger.hpp">
      <Filter>vendor\assimp</Filter>
    </ClInclude>
    <ClInclude Include="vendor\assimp\MathFunctions.h">
      <Filter>vendor\assimp</Filter>
    </ClInclude>
    <ClInclude Include="vendor\assimp\MemoryIOWrapper.h">
      <Filter>vendor\assimp</Filter>
    </ClInclude>
    <ClInclude Include="vendor\assimp\NullLogger.hpp">
      <Filter>vendor\assimp</Filter>
    </ClInclude>
    <ClInclude Include="vendor\assimp\ObjMaterial.h">
      <Filter>vendor\assimp</Filter>
    </ClInclude>
    <ClInclude Include="vendor\assimp\ParsingUtils.h">
      <Filter>vendor\assimp</Filter>
    </ClInclude>
    <ClInclude Include="vendor\assimp\Profiler.h">
      <Filter>vendor\assimp</Filter>
    </ClInclude>
    <ClInclude Include="vendor\assimp\ProgressHandler.hpp">
      <Filter>vendor\assimp</Filter>
    </ClInclude>
    <ClInclude Include="vendor\assimp\RemoveComments.h">
      <Filter>vendor\assimp</Filter>
    </ClInclude>
    <ClInclude Include="vendor\assimp\SGSpatialSort.h">
      <Filter>vendor\assimp</Filter>
    </ClInclude>
    <ClInclude Include="vendor\assimp\SceneCombiner.h">
      <Filter>vendor\assimp</Filter>
    </ClInclude>
    <ClInclude Include="vendor\assimp\SkeletonMeshBuilder.h">
      <Filter>vendor\assimp</Filter>
    </ClInclude>
    <ClInclude Include="vendor\assimp\SmallVector.h">
      <Filter>vendor\assimp</Filter>
    </ClInclude>
    <ClInclude Include="vendor\assimp\SmoothingGroups.h">
      <Filter>vendor\assimp</Filter>
    </ClInclude>
    <ClInclude Include="vendor\assimp\SmoothingGroups.inl">
      <Filter>vendor\assimp</Filter>
    </ClInclude>
    <ClInclude Include="vendor\assimp\SpatialSort.h">
      <Filter>vendor\assimp</Filter>
    </ClInclude>
    <ClInclude Include="vendor\assimp\StandardShapes.h">
      <Filter>vendor\assimp</Filter>
    </ClInclude>
    <ClInclude Include="vendor\assimp\StreamReader.h">
      <Filter>vendor\assimp</Filter>
    </ClInclude>
    <ClInclude Include="vendor\assimp\StreamWriter.h">
      <Filter>vendor\assimp</Filter>
    </ClInclude>
    <ClInclude Include="vendor\assimp\StringComparison.h">
      <Filter>vendor\assimp</Filter>
    </ClInclude>
    <ClInclude Include="vendor\assimp\StringUtils.h">
      <Filter>vendor\assimp</Filter>
    </ClInclude>
    <ClInclude Include="vendor\assimp\Subdivision.h">
      <Filter>vendor\assimp</Filter>
    </ClInclude>
    <ClInclude Include="vendor\assimp\TinyFormatter.h">
      <Filter>vendor\assimp</Filter>
    </ClInclude>
    <ClInclude Include="vendor\assimp\Vertex.h">
      <Filter>vendor\assimp</Filter>
    </ClInclude>
    <ClInclude Include="vendor\assimp\XMLTools.h">
      <Filter>vendor\assimp</Filter>
    </ClInclude>
    <ClInclude Include="vendor\assimp\XmlParser.h">
      <Filter>vendor\assimp</Filter>
    </ClInclude>
    <ClInclude Include="vendor\assimp\ZipArchiveIOSystem.h">
      <Filter>vendor\assimp</Filter>
    </ClInclude>
    <ClInclude Include="vendor\assimp\aabb.h">
      <Filter>vendor\assimp</Filter>
    </ClInclude>
    <ClInclude Include="vendor\assimp\ai_assert.h">
      <Filter>vendor\assimp</Filter>
    </ClInclude>
    <ClInclude Include="vendor\assimp\anim.h">
      <Filter>vendor\assimp</Filter>
    </ClInclude>
    <ClInclude Include="vendor\assimp\camera.h">
      <Filter>vendor\assimp</Filter>
    </ClInclude>
    <ClInclude Include="vendor\assimp\cexport.h">
      <Filter>vendor\assimp</Filter>
    </ClInclude>
    <ClInclude Include="vendor\assimp\cfileio.h">
      <Filter>vendor\assimp</Filter>
    </ClInclude>
    <ClInclude Include="vendor\assimp\cimport.h">
      <Filter>vendor\assimp</Filter>
    </ClInclude>
    <ClInclude Include="vendor\assimp\color4.h">
      <Filter>vendor\assimp</Filter>
    </ClInclude>
    <ClInclude Include="vendor\assimp\color4.inl">
      <Filter>vendor\assimp</Filter>
    </ClInclude>
    <ClInclude Include="vendor\assimp\commonMetaData.h">
      <Filter>vendor\assimp</Filter>
    </ClInclude>
    <ClInclude Include="vendor\assimp\config.h">
      <Filter>vendor\assimp</Filter>
    </ClInclude>
    <ClInclude Include="vendor\assimp\defs.h">
      <Filter>vendor\assimp</Filter>
    </ClInclude>
    <ClInclude Include="vendor\assimp\fast_atof.h">
      <Filter>vendor\assimp</Filter>
    </ClInclude>
    <ClInclude Include="vendor\assimp\importerdesc.h">
      <Filter>vendor\assimp</Filter>
    </ClInclude>
    <ClInclude Include="vendor\assimp\light.h">
      <Filter>vendor\assimp</Filter>
    </ClInclude>
    <ClInclude Include="vendor\assimp\material.h">
      <Filter>vendor\assimp</Filter>
    </ClInclude>
    <ClInclude Include="vendor\assimp\material.inl">
      <Filter>vendor\assimp</Filter>
    </ClInclude>
    <ClInclude Include="vendor\assimp\matrix3x3.h">
      <Filter>vendor\assimp</Filter>
    </ClInclude>
    <ClInclude Include="vendor\assimp\matrix3x3.inl">
      <Filter>vendor\assimp</Filter>
    </ClInclude>
    <ClInclude Include="vendor\assimp\matrix4x4.h">
      <Filter>vendor\assimp</Filter>
    </ClInclude>
    <ClInclude Include="vendor\assimp\matrix4x4.inl">
      <Filter>vendor\assimp</Filter>
    </ClInclude>
    <ClInclude Include="vendor\assimp\mesh.h">
      <Filter>vendor\assimp</Filter>
    </ClInclude>
    <ClInclude Include="vendor\assimp\metadata.h">
      <Filter>vendor\assimp</Filter>
    </ClInclude>
    <ClInclude Include="vendor\assimp\pbrmaterial.h">
      <Filter>vendor\assimp</Filter>
    </ClInclude>
    <ClInclude Include="vendor\assimp\port\AndroidJNI\AndroidJNIIOSystem.h">
      <Filter>vendor\assimp\port\AndroidJNI</Filter>
    </ClInclude>
    <ClInclude Include="vendor\assimp\port\AndroidJNI\BundledAssetIOSystem.h">
      <Filter>vendor\assimp\port\AndroidJNI</Filter>
    </ClInclude>
    <ClInclude Include="vendor\assimp\postprocess.h">
      <Filter>vendor\assimp</Filter>
    </ClInclude>
    <ClInclude Include="vendor\assimp\qnan.h">
      <Filter>vendor\assimp</Filter>
    </ClInclude>
    <ClInclude Include="vendor\assimp\quaternion.h">
      <Filter>vendor\assimp</Filter>
    </ClInclude>
    <ClInclude Include="vendor\assimp\quaternion.inl">
      <Filter>vendor\assimp</Filter>
    </ClInclude>
    <ClInclude Include="vendor\assimp\scene.h">
      <Filter>vendor\assimp</Filter>
    </ClInclude>
    <ClInclude Include="vendor\assimp\texture.h">
      <Filter>vendor\assimp</Filter>
    </ClInclude>
    <ClInclude Include="vendor\assimp\types.h">
      <Filter>vendor\assimp</Filter>
    </ClInclude>
    <ClInclude Include="vendor\assimp\vector2.h">
      <Filter>vendor\assimp</Filter>
    </ClInclude>
    <ClInclude Include="vendor\assimp\vector2.inl">
      <Filter>vendor\assimp</Filter>
    </ClInclude>
    <ClInclude Include="vendor\assimp\vector3.h">
      <Filter>vendor\assimp</Filter>
    </ClInclude>
    <ClInclude Include="vendor\assimp\vector3.inl">
      <Filter>vendor\assimp</Filter>
    </ClInclude>
    <ClInclude Include="vendor\assimp\version.h">
      <Filter>vendor\assimp</Filter>
    </ClInclude>
    <ClInclude Include="vendor\contrib\utf8cpp\source\utf8.h">
      <Filter>vendor\contrib\utf8cpp\source</Filter>
    </ClInclude>
    <ClInclude Include="vendor\contrib\utf8cpp\source\utf8\checked.h">
      <Filter>vendor\contrib\utf8cpp\source\utf8</Filter>
    </ClInclude>
    <ClInclude Include="vendor\contrib\utf8cpp\source\utf8\core.h">
      <Filter>vendor\contrib\utf8cpp\source\utf8</Filter>
    </ClInclude>
    <ClInclude Include="vendor\contrib\utf8cpp\source\utf8\cpp11.h">
      <Filter>vendor\contrib\utf8cpp\source\utf8</Filter>
    </ClInclude>
    <ClInclude Include="vendor\contrib\utf8cpp\source\utf8\unchecked.h">
      <Filter>vendor\contrib\utf8cpp\source\utf8</Filter>
    </ClInclude>
  </ItemGroup>
  <ItemGroup>
    <ClCompile Include="src\Loader.cpp">
      <Filter>src</Filter>
    </ClCompile>
  </ItemGroup>
</Project>