<?xml version="1.0" encoding="utf-8"?>
<Project ToolsVersion="4.0" xmlns="http://schemas.microsoft.com/developer/msbuild/2003">
  <ItemGroup>
    <Filter Include=".vs">
      <UniqueIdentifier>{3C86870B-A88F-877C-310B-9E7C9D13937C}</UniqueIdentifier>
    </Filter>
    <Filter Include=".vs\ORE">
      <UniqueIdentifier>{F16433F4-5D44-B28F-665C-3D66D2BA18F1}</UniqueIdentifier>
    </Filter>
    <Filter Include=".vs\ORE\v17">
      <UniqueIdentifier>{BE376AF8-2AED-E2ED-B3E1-DCC41F96D9F1}</UniqueIdentifier>
    </Filter>
    <Filter Include=".vs\ORE\v17\ipch">
      <UniqueIdentifier>{91BB26D5-7DB4-4527-A6E6-2AAC923E2533}</UniqueIdentifier>
    </Filter>
    <Filter Include=".vs\ORE\v17\ipch\AutoPCH">
      <UniqueIdentifier>{34262A81-204B-7901-4996-5E91351A781F}</UniqueIdentifier>
    </Filter>
    <Filter Include=".vs\ORE\v17\ipch\AutoPCH\9725e0f2fa789f16">
      <UniqueIdentifier>{0330B822-6F4A-1BC4-B86C-2B5824C642CB}</UniqueIdentifier>
    </Filter>
    <Filter Include="include">
      <UniqueIdentifier>{89AF369E-F58E-B539-FEA6-40106A051C9B}</UniqueIdentifier>
    </Filter>
    <Filter Include="include\ORE">
      <UniqueIdentifier>{BE6CC031-2A22-3927-B316-33FE1FCB2F2B}</UniqueIdentifier>
    </Filter>
    <Filter Include="include\ORE\Vulkan">
      <UniqueIdentifier>{7EF879CB-6ADC-3A21-D33C-3574BF3F25A3}</UniqueIdentifier>
    </Filter>
    <Filter Include="obj">
      <UniqueIdentifier>{2098880B-8CA1-887C-151D-9F7C8125947C}</UniqueIdentifier>
    </Filter>
    <Filter Include="obj\x64">
      <UniqueIdentifier>{91737350-FD52-F2EB-066B-7DC272C9584D}</UniqueIdentifier>
    </Filter>
    <Filter Include="obj\x64\Debug">
      <UniqueIdentifier>{C7266410-33E7-DF46-FC21-29C468A12423}</UniqueIdentifier>
    </Filter>
    <Filter Include="obj\x64\ExecTest">
      <UniqueIdentifier>{25EFACA3-11E8-CBF5-3A1A-B17A2672AB01}</UniqueIdentifier>
    </Filter>
    <Filter Include="src">
      <UniqueIdentifier>{2DAB880B-99B4-887C-2230-9F7C8E38947C}</UniqueIdentifier>
    </Filter>
    <Filter Include="src\Vulkan">
      <UniqueIdentifier>{0DC45B36-F97B-9D83-6283-76DF4E5A3874}</UniqueIdentifier>
    </Filter>
    <Filter Include="vendor">
      <UniqueIdentifier>{B3738122-9F15-ACF8-88D0-BF4C74113349}</UniqueIdentifier>
    </Filter>
    <Filter Include="vendor\GLFW">
      <UniqueIdentifier>{D27667C1-3E2C-E0B6-C720-DA8D33D5D6BA}</UniqueIdentifier>
    </Filter>
    <Filter Include="vendor\freetype">
      <UniqueIdentifier>{C64BB7D5-32D7-249A-3BE8-A78EA7F2809A}</UniqueIdentifier>
    </Filter>
    <Filter Include="vendor\freetype\config">
      <UniqueIdentifier>{2B201677-171A-3FC9-0087-D5D9EC1FA535}</UniqueIdentifier>
    </Filter>
    <Filter Include="vendor\freetype\docs">
      <UniqueIdentifier>{7ED266C4-6A61-F08D-1380-0489FFED0034}</UniqueIdentifier>
    </Filter>
    <Filter Include="vendor\freetype\docs\markdown">
      <UniqueIdentifier>{D0FBCCF6-3C14-B420-05C1-43BA719848BA}</UniqueIdentifier>
    </Filter>
    <Filter Include="vendor\freetype\docs\markdown\images">
      <UniqueIdentifier>{95C64B79-81AD-0D71-2AFE-738E16C486D7}</UniqueIdentifier>
    </Filter>
    <Filter Include="vendor\freetype\docs\markdown\javascripts">
      <UniqueIdentifier>{C98C57AB-35A7-BA4C-7EC9-CAE0EA22E253}</UniqueIdentifier>
    </Filter>
    <Filter Include="vendor\freetype\docs\markdown\stylesheets">
      <UniqueIdentifier>{5C0C981B-C826-FBBC-1149-0B517DA222C4}</UniqueIdentifier>
    </Filter>
    <Filter Include="vendor\freetype\docs\oldlogs">
      <UniqueIdentifier>{A1B22AF8-8D6D-1AA4-3625-93EE22BF6434}</UniqueIdentifier>
    </Filter>
    <Filter Include="vendor\freetype\internal">
      <UniqueIdentifier>{D28CA1DF-BEB1-F05F-E7FC-D5EFD380EF7D}</UniqueIdentifier>
    </Filter>
    <Filter Include="vendor\freetype\internal\services">
      <UniqueIdentifier>{051B6E12-7189-C391-BA72-7E912620B92D}</UniqueIdentifier>
    </Filter>
    <Filter Include="vendor\glm">
      <UniqueIdentifier>{829FC5A8-6E57-07F6-D75E-E051C335A2E6}</UniqueIdentifier>
    </Filter>
    <Filter Include="vendor\glm\detail">
      <UniqueIdentifier>{04D16468-70E7-62FE-B95E-EE1F25B43386}</UniqueIdentifier>
    </Filter>
    <Filter Include="vendor\glm\ext">
      <UniqueIdentifier>{E213C9C9-CEE1-BCCF-B775-2DF6A3E29834}</UniqueIdentifier>
    </Filter>
    <Filter Include="vendor\glm\gtc">
      <UniqueIdentifier>{CF1BC9C9-BBE9-BCCF-A47D-2DF690EA9834}</UniqueIdentifier>
    </Filter>
    <Filter Include="vendor\glm\gtx">
      <UniqueIdentifier>{E41BC9C9-D0E9-BCCF-B97D-2DF6A5EA9834}</UniqueIdentifier>
    </Filter>
    <Filter Include="vendor\glm\simd">
      <UniqueIdentifier>{1EFDF202-8A88-60C7-9399-E3BBFFA3BCC7}</UniqueIdentifier>
    </Filter>
    <Filter Include="vendor\glslang">
      <UniqueIdentifier>{AA0757CA-96D5-4AD0-7F69-BBF66BD62635}</UniqueIdentifier>
    </Filter>
    <Filter Include="vendor\glslang\Include">
      <UniqueIdentifier>{FDA0564E-E99A-7FA0-D207-16B1BEA0E50C}</UniqueIdentifier>
    </Filter>
    <Filter Include="vendor\glslang\MachineIndependent">
      <UniqueIdentifier>{3CCEF58B-A83C-4B0B-F125-060B5DD340A7}</UniqueIdentifier>
    </Filter>
    <Filter Include="vendor\glslang\Public">
      <UniqueIdentifier>{98270B78-0494-C672-CD87-5ED039B3E8DA}</UniqueIdentifier>
    </Filter>
    <Filter Include="vendor\glslang\SPIRV">
      <UniqueIdentifier>{4D261A59-39B5-A322-E2D3-B71DCE41B4C8}</UniqueIdentifier>
    </Filter>
    <Filter Include="vendor\libs">
      <UniqueIdentifier>{EC3F7CC1-58F5-F4B6-E1E9-EE8D4D9EEBBA}</UniqueIdentifier>
    </Filter>
    <Filter Include="vendor\libs\Debug">
      <UniqueIdentifier>{628BC9EC-CEA1-C782-1719-53A4836E980A}</UniqueIdentifier>
    </Filter>
    <Filter Include="vendor\libs\Release">
      <UniqueIdentifier>{1C63B57B-88C4-9289-1132-D93B7D92C948}</UniqueIdentifier>
    </Filter>
    <Filter Include="vendor\shaderc">
      <UniqueIdentifier>{9C33735B-8801-6761-7195-D7875D0243C6}</UniqueIdentifier>
    </Filter>
    <Filter Include="vendor\spirv-headers">
      <UniqueIdentifier>{BF307415-ABBF-FDDE-54DE-11DA404C0E85}</UniqueIdentifier>
    </Filter>
    <Filter Include="vendor\spirv-tools">
      <UniqueIdentifier>{94D1C9AF-80B5-8A05-E915-8558D5187587}</UniqueIdentifier>
    </Filter>
    <Filter Include="vendor\spirv_cross">
      <UniqueIdentifier>{7FC63923-6BAA-FA78-D40A-F5CBC00DE5FA}</UniqueIdentifier>
    </Filter>
    <Filter Include="vendor\vk_video">
      <UniqueIdentifier>{793A2B72-E5C5-9836-EED6-1B2B5AE1F436}</UniqueIdentifier>
    </Filter>
    <Filter Include="vendor\vma">
      <UniqueIdentifier>{66DFC5A8-5297-07F6-BB9E-E051A775A2E6}</UniqueIdentifier>
    </Filter>
    <Filter Include="vendor\vma\.git">
      <UniqueIdentifier>{67ECA40B-D377-12D0-DC88-95C448936ED0}</UniqueIdentifier>
    </Filter>
    <Filter Include="vendor\vma\.git\hooks">
      <UniqueIdentifier>{1A8C8F54-86F8-4A4F-4FEC-E2ACBB176DB7}</UniqueIdentifier>
    </Filter>
    <Filter Include="vendor\vma\.git\info">
      <UniqueIdentifier>{C2B96967-AE48-F330-5767-072C43D503D7}</UniqueIdentifier>
    </Filter>
    <Filter Include="vendor\vma\.git\logs">
      <UniqueIdentifier>{4B636B67-37F2-F430-E010-092CCC7E05D7}</UniqueIdentifier>
    </Filter>
    <Filter Include="vendor\vma\.git\logs\refs">
      <UniqueIdentifier>{4AE88663-B6AA-BAED-FF5A-497A6B5C93CB}</UniqueIdentifier>
    </Filter>
    <Filter Include="vendor\vma\.git\logs\refs\heads">
      <UniqueIdentifier>{FEED9FEC-6AD1-AE2C-73D4-DC68DF36757D}</UniqueIdentifier>
    </Filter>
    <Filter Include="vendor\vma\.git\logs\refs\remotes">
      <UniqueIdentifier>{F804F996-6473-4E16-AD5C-0916190A44B2}</UniqueIdentifier>
    </Filter>
    <Filter Include="vendor\vma\.git\logs\refs\remotes\origin">
      <UniqueIdentifier>{8FC41AF9-7B41-0E3C-A4BE-0E50909AAACF}</UniqueIdentifier>
    </Filter>
    <Filter Include="vendor\vma\.git\objects">
      <UniqueIdentifier>{409AC9B2-ACD1-114A-B5DB-756D21923843}</UniqueIdentifier>
    </Filter>
    <Filter Include="vendor\vma\.git\objects\pack">
      <UniqueIdentifier>{2E96B5AB-1A51-A557-C308-1EA2AFA2EFE7}</UniqueIdentifier>
    </Filter>
    <Filter Include="vendor\vma\.git\refs">
      <UniqueIdentifier>{E6826E67-D211-F830-7B30-0C2C679E08D7}</UniqueIdentifier>
    </Filter>
    <Filter Include="vendor\vma\.git\refs\heads">
      <UniqueIdentifier>{9A0DD072-861D-7C43-EFD6-E061DB056BDC}</UniqueIdentifier>
    </Filter>
    <Filter Include="vendor\vma\.git\refs\remotes">
      <UniqueIdentifier>{947BAF69-8036-9F15-29EE-17601588E9A5}</UniqueIdentifier>
    </Filter>
    <Filter Include="vendor\vma\.git\refs\remotes\origin">
      <UniqueIdentifier>{AB334E33-17ED-B8DD-A04C-D3B70C056F4D}</UniqueIdentifier>
    </Filter>
    <Filter Include="vendor\vma\src">
      <UniqueIdentifier>{7DE0EE4D-69AE-E253-5242-537A3EAFBEB8}</UniqueIdentifier>
    </Filter>
    <Filter Include="vendor\volk">
      <UniqueIdentifier>{7ED681C1-EA8B-FAB6-7380-F48DDF34F1BA}</UniqueIdentifier>
    </Filter>
    <Filter Include="vendor\vulkan">
      <UniqueIdentifier>{F30DBE29-5FCE-3960-2809-83DD94887E3C}</UniqueIdentifier>
    </Filter>
    <Filter Include="x64">
      <UniqueIdentifier>{87B8880B-F3C1-887C-7C3D-9F7CE845947C}</UniqueIdentifier>
    </Filter>
    <Filter Include="x64\Debug">
      <UniqueIdentifier>{3DCCD277-A936-87EE-F274-38945E1E6543}</UniqueIdentifier>
    </Filter>
  </ItemGroup>
  <ItemGroup>
    <ClInclude Include="include\ORE\Vulkan\Renderer.h">
      <Filter>include\ORE\Vulkan</Filter>
    </ClInclude>
    <ClInclude Include="include\ORE\Window.h">
      <Filter>include\ORE</Filter>
    </ClInclude>
    <ClInclude Include="include\ORE\orepch.h">
      <Filter>include\ORE</Filter>
    </ClInclude>
    <ClInclude Include="vendor\GLFW\glfw3.h">
      <Filter>vendor\GLFW</Filter>
    </ClInclude>
    <ClInclude Include="vendor\GLFW\glfw3native.h">
      <Filter>vendor\GLFW</Filter>
    </ClInclude>
    <ClInclude Include="vendor\freetype\config\ftconfig.h">
      <Filter>vendor\freetype\config</Filter>
    </ClInclude>
    <ClInclude Include="vendor\freetype\config\ftheader.h">
      <Filter>vendor\freetype\config</Filter>
    </ClInclude>
    <ClInclude Include="vendor\freetype\config\ftmodule.h">
      <Filter>vendor\freetype\config</Filter>
    </ClInclude>
    <ClInclude Include="vendor\freetype\config\ftoption.h">
      <Filter>vendor\freetype\config</Filter>
    </ClInclude>
    <ClInclude Include="vendor\freetype\config\ftstdlib.h">
      <Filter>vendor\freetype\config</Filter>
    </ClInclude>
    <ClInclude Include="vendor\freetype\config\integer-types.h">
      <Filter>vendor\freetype\config</Filter>
    </ClInclude>
    <ClInclude Include="vendor\freetype\config\mac-support.h">
      <Filter>vendor\freetype\config</Filter>
    </ClInclude>
    <ClInclude Include="vendor\freetype\config\public-macros.h">
      <Filter>vendor\freetype\config</Filter>
    </ClInclude>
    <ClInclude Include="vendor\freetype\freetype.h">
      <Filter>vendor\freetype</Filter>
    </ClInclude>
    <ClInclude Include="vendor\freetype\ftadvanc.h">
      <Filter>vendor\freetype</Filter>
    </ClInclude>
    <ClInclude Include="vendor\freetype\ftbbox.h">
      <Filter>vendor\freetype</Filter>
    </ClInclude>
    <ClInclude Include="vendor\freetype\ftbdf.h">
      <Filter>vendor\freetype</Filter>
    </ClInclude>
    <ClInclude Include="vendor\freetype\ftbitmap.h">
      <Filter>vendor\freetype</Filter>
    </ClInclude>
    <ClInclude Include="vendor\freetype\ftbzip2.h">
      <Filter>vendor\freetype</Filter>
    </ClInclude>
    <ClInclude Include="vendor\freetype\ftcache.h">
      <Filter>vendor\freetype</Filter>
    </ClInclude>
    <ClInclude Include="vendor\freetype\ftchapters.h">
      <Filter>vendor\freetype</Filter>
    </ClInclude>
    <ClInclude Include="vendor\freetype\ftcid.h">
      <Filter>vendor\freetype</Filter>
    </ClInclude>
    <ClInclude Include="vendor\freetype\ftcolor.h">
      <Filter>vendor\freetype</Filter>
    </ClInclude>
    <ClInclude Include="vendor\freetype\ftdriver.h">
      <Filter>vendor\freetype</Filter>
    </ClInclude>
    <ClInclude Include="vendor\freetype\fterrdef.h">
      <Filter>vendor\freetype</Filter>
    </ClInclude>
    <ClInclude Include="vendor\freetype\fterrors.h">
      <Filter>vendor\freetype</Filter>
    </ClInclude>
    <ClInclude Include="vendor\freetype\ftfntfmt.h">
      <Filter>vendor\freetype</Filter>
    </ClInclude>
    <ClInclude Include="vendor\freetype\ftgasp.h">
      <Filter>vendor\freetype</Filter>
    </ClInclude>
    <ClInclude Include="vendor\freetype\ftglyph.h">
      <Filter>vendor\freetype</Filter>
    </ClInclude>
    <ClInclude Include="vendor\freetype\ftgxval.h">
      <Filter>vendor\freetype</Filter>
    </ClInclude>
    <ClInclude Include="vendor\freetype\ftgzip.h">
      <Filter>vendor\freetype</Filter>
    </ClInclude>
    <ClInclude Include="vendor\freetype\ftimage.h">
      <Filter>vendor\freetype</Filter>
    </ClInclude>
    <ClInclude Include="vendor\freetype\ftincrem.h">
      <Filter>vendor\freetype</Filter>
    </ClInclude>
    <ClInclude Include="vendor\freetype\ftlcdfil.h">
      <Filter>vendor\freetype</Filter>
    </ClInclude>
    <ClInclude Include="vendor\freetype\ftlist.h">
      <Filter>vendor\freetype</Filter>
    </ClInclude>
    <ClInclude Include="vendor\freetype\ftlogging.h">
      <Filter>vendor\freetype</Filter>
    </ClInclude>
    <ClInclude Include="vendor\freetype\ftlzw.h">
      <Filter>vendor\freetype</Filter>
    </ClInclude>
    <ClInclude Include="vendor\freetype\ftmac.h">
      <Filter>vendor\freetype</Filter>
    </ClInclude>
    <ClInclude Include="vendor\freetype\ftmm.h">
      <Filter>vendor\freetype</Filter>
    </ClInclude>
    <ClInclude Include="vendor\freetype\ftmodapi.h">
      <Filter>vendor\freetype</Filter>
    </ClInclude>
    <ClInclude Include="vendor\freetype\ftmoderr.h">
      <Filter>vendor\freetype</Filter>
    </ClInclude>
    <ClInclude Include="vendor\freetype\ftotval.h">
      <Filter>vendor\freetype</Filter>
    </ClInclude>
    <ClInclude Include="vendor\freetype\ftoutln.h">
      <Filter>vendor\freetype</Filter>
    </ClInclude>
    <ClInclude Include="vendor\freetype\ftparams.h">
      <Filter>vendor\freetype</Filter>
    </ClInclude>
    <ClInclude Include="vendor\freetype\ftpfr.h">
      <Filter>vendor\freetype</Filter>
    </ClInclude>
    <ClInclude Include="vendor\freetype\ftrender.h">
      <Filter>vendor\freetype</Filter>
    </ClInclude>
    <ClInclude Include="vendor\freetype\ftsizes.h">
      <Filter>vendor\freetype</Filter>
    </ClInclude>
    <ClInclude Include="vendor\freetype\ftsnames.h">
      <Filter>vendor\freetype</Filter>
    </ClInclude>
    <ClInclude Include="vendor\freetype\ftstroke.h">
      <Filter>vendor\freetype</Filter>
    </ClInclude>
    <ClInclude Include="vendor\freetype\ftsynth.h">
      <Filter>vendor\freetype</Filter>
    </ClInclude>
    <ClInclude Include="vendor\freetype\ftsystem.h">
      <Filter>vendor\freetype</Filter>
    </ClInclude>
    <ClInclude Include="vendor\freetype\fttrigon.h">
      <Filter>vendor\freetype</Filter>
    </ClInclude>
    <ClInclude Include="vendor\freetype\fttypes.h">
      <Filter>vendor\freetype</Filter>
    </ClInclude>
    <ClInclude Include="vendor\freetype\ftwinfnt.h">
      <Filter>vendor\freetype</Filter>
    </ClInclude>
    <ClInclude Include="vendor\freetype\internal\autohint.h">
      <Filter>vendor\freetype\internal</Filter>
    </ClInclude>
    <ClInclude Include="vendor\freetype\internal\cffotypes.h">
      <Filter>vendor\freetype\internal</Filter>
    </ClInclude>
    <ClInclude Include="vendor\freetype\internal\cfftypes.h">
      <Filter>vendor\freetype\internal</Filter>
    </ClInclude>
    <ClInclude Include="vendor\freetype\internal\compiler-macros.h">
      <Filter>vendor\freetype\internal</Filter>
    </ClInclude>
    <ClInclude Include="vendor\freetype\internal\ftcalc.h">
      <Filter>vendor\freetype\internal</Filter>
    </ClInclude>
    <ClInclude Include="vendor\freetype\internal\ftdebug.h">
      <Filter>vendor\freetype\internal</Filter>
    </ClInclude>
    <ClInclude Include="vendor\freetype\internal\ftdrv.h">
      <Filter>vendor\freetype\internal</Filter>
    </ClInclude>
    <ClInclude Include="vendor\freetype\internal\ftgloadr.h">
      <Filter>vendor\freetype\internal</Filter>
    </ClInclude>
    <ClInclude Include="vendor\freetype\internal\fthash.h">
      <Filter>vendor\freetype\internal</Filter>
    </ClInclude>
    <ClInclude Include="vendor\freetype\internal\ftmemory.h">
      <Filter>vendor\freetype\internal</Filter>
    </ClInclude>
    <ClInclude Include="vendor\freetype\internal\ftmmtypes.h">
      <Filter>vendor\freetype\internal</Filter>
    </ClInclude>
    <ClInclude Include="vendor\freetype\internal\ftobjs.h">
      <Filter>vendor\freetype\internal</Filter>
    </ClInclude>
    <ClInclude Include="vendor\freetype\internal\ftpsprop.h">
      <Filter>vendor\freetype\internal</Filter>
    </ClInclude>
    <ClInclude Include="vendor\freetype\internal\ftrfork.h">
      <Filter>vendor\freetype\internal</Filter>
    </ClInclude>
    <ClInclude Include="vendor\freetype\internal\ftserv.h">
      <Filter>vendor\freetype\internal</Filter>
    </ClInclude>
    <ClInclude Include="vendor\freetype\internal\ftstream.h">
      <Filter>vendor\freetype\internal</Filter>
    </ClInclude>
    <ClInclude Include="vendor\freetype\internal\fttrace.h">
      <Filter>vendor\freetype\internal</Filter>
    </ClInclude>
    <ClInclude Include="vendor\freetype\internal\ftvalid.h">
      <Filter>vendor\freetype\internal</Filter>
    </ClInclude>
    <ClInclude Include="vendor\freetype\internal\psaux.h">
      <Filter>vendor\freetype\internal</Filter>
    </ClInclude>
    <ClInclude Include="vendor\freetype\internal\pshints.h">
      <Filter>vendor\freetype\internal</Filter>
    </ClInclude>
    <ClInclude Include="vendor\freetype\internal\services\svbdf.h">
      <Filter>vendor\freetype\internal\services</Filter>
    </ClInclude>
    <ClInclude Include="vendor\freetype\internal\services\svcfftl.h">
      <Filter>vendor\freetype\internal\services</Filter>
    </ClInclude>
    <ClInclude Include="vendor\freetype\internal\services\svcid.h">
      <Filter>vendor\freetype\internal\services</Filter>
    </ClInclude>
    <ClInclude Include="vendor\freetype\internal\services\svfntfmt.h">
      <Filter>vendor\freetype\internal\services</Filter>
    </ClInclude>
    <ClInclude Include="vendor\freetype\internal\services\svgldict.h">
      <Filter>vendor\freetype\internal\services</Filter>
    </ClInclude>
    <ClInclude Include="vendor\freetype\internal\services\svgxval.h">
      <Filter>vendor\freetype\internal\services</Filter>
    </ClInclude>
    <ClInclude Include="vendor\freetype\internal\services\svkern.h">
      <Filter>vendor\freetype\internal\services</Filter>
    </ClInclude>
    <ClInclude Include="vendor\freetype\internal\services\svmetric.h">
      <Filter>vendor\freetype\internal\services</Filter>
    </ClInclude>
    <ClInclude Include="vendor\freetype\internal\services\svmm.h">
      <Filter>vendor\freetype\internal\services</Filter>
    </ClInclude>
    <ClInclude Include="vendor\freetype\internal\services\svotval.h">
      <Filter>vendor\freetype\internal\services</Filter>
    </ClInclude>
    <ClInclude Include="vendor\freetype\internal\services\svpfr.h">
      <Filter>vendor\freetype\internal\services</Filter>
    </ClInclude>
    <ClInclude Include="vendor\freetype\internal\services\svpostnm.h">
      <Filter>vendor\freetype\internal\services</Filter>
    </ClInclude>
    <ClInclude Include="vendor\freetype\internal\services\svprop.h">
      <Filter>vendor\freetype\internal\services</Filter>
    </ClInclude>
    <ClInclude Include="vendor\freetype\internal\services\svpscmap.h">
      <Filter>vendor\freetype\internal\services</Filter>
    </ClInclude>
    <ClInclude Include="vendor\freetype\internal\services\svpsinfo.h">
      <Filter>vendor\freetype\internal\services</Filter>
    </ClInclude>
    <ClInclude Include="vendor\freetype\internal\services\svsfnt.h">
      <Filter>vendor\freetype\internal\services</Filter>
    </ClInclude>
    <ClInclude Include="vendor\freetype\internal\services\svttcmap.h">
      <Filter>vendor\freetype\internal\services</Filter>
    </ClInclude>
    <ClInclude Include="vendor\freetype\internal\services\svtteng.h">
      <Filter>vendor\freetype\internal\services</Filter>
    </ClInclude>
    <ClInclude Include="vendor\freetype\internal\services\svttglyf.h">
      <Filter>vendor\freetype\internal\services</Filter>
    </ClInclude>
    <ClInclude Include="vendor\freetype\internal\services\svwinfnt.h">
      <Filter>vendor\freetype\internal\services</Filter>
    </ClInclude>
    <ClInclude Include="vendor\freetype\internal\sfnt.h">
      <Filter>vendor\freetype\internal</Filter>
    </ClInclude>
    <ClInclude Include="vendor\freetype\internal\svginterface.h">
      <Filter>vendor\freetype\internal</Filter>
    </ClInclude>
    <ClInclude Include="vendor\freetype\internal\t1types.h">
      <Filter>vendor\freetype\internal</Filter>
    </ClInclude>
    <ClInclude Include="vendor\freetype\internal\tttypes.h">
      <Filter>vendor\freetype\internal</Filter>
    </ClInclude>
    <ClInclude Include="vendor\freetype\internal\wofftypes.h">
      <Filter>vendor\freetype\internal</Filter>
    </ClInclude>
    <ClInclude Include="vendor\freetype\otsvg.h">
      <Filter>vendor\freetype</Filter>
    </ClInclude>
    <ClInclude Include="vendor\freetype\t1tables.h">
      <Filter>vendor\freetype</Filter>
    </ClInclude>
    <ClInclude Include="vendor\freetype\ttnameid.h">
      <Filter>vendor\freetype</Filter>
    </ClInclude>
    <ClInclude Include="vendor\freetype\tttables.h">
      <Filter>vendor\freetype</Filter>
    </ClInclude>
    <ClInclude Include="vendor\freetype\tttags.h">
      <Filter>vendor\freetype</Filter>
    </ClInclude>
    <ClInclude Include="vendor\ft2build.h">
      <Filter>vendor</Filter>
    </ClInclude>
    <ClInclude Include="vendor\glm\common.hpp">
      <Filter>vendor\glm</Filter>
    </ClInclude>
    <ClInclude Include="vendor\glm\detail\_features.hpp">
      <Filter>vendor\glm\detail</Filter>
    </ClInclude>
    <ClInclude Include="vendor\glm\detail\_fixes.hpp">
      <Filter>vendor\glm\detail</Filter>
    </ClInclude>
    <ClInclude Include="vendor\glm\detail\_noise.hpp">
      <Filter>vendor\glm\detail</Filter>
    </ClInclude>
    <ClInclude Include="vendor\glm\detail\_swizzle.hpp">
      <Filter>vendor\glm\detail</Filter>
    </ClInclude>
    <ClInclude Include="vendor\glm\detail\_swizzle_func.hpp">
      <Filter>vendor\glm\detail</Filter>
    </ClInclude>
    <ClInclude Include="vendor\glm\detail\_vectorize.hpp">
      <Filter>vendor\glm\detail</Filter>
    </ClInclude>
    <ClInclude Include="vendor\glm\detail\compute_common.hpp">
      <Filter>vendor\glm\detail</Filter>
    </ClInclude>
    <ClInclude Include="vendor\glm\detail\compute_vector_relational.hpp">
      <Filter>vendor\glm\detail</Filter>
    </ClInclude>
    <ClInclude Include="vendor\glm\detail\func_common.inl">
      <Filter>vendor\glm\detail</Filter>
    </ClInclude>
    <ClInclude Include="vendor\glm\detail\func_common_simd.inl">
      <Filter>vendor\glm\detail</Filter>
    </ClInclude>
    <ClInclude Include="vendor\glm\detail\func_exponential.inl">
      <Filter>vendor\glm\detail</Filter>
    </ClInclude>
    <ClInclude Include="vendor\glm\detail\func_exponential_simd.inl">
      <Filter>vendor\glm\detail</Filter>
    </ClInclude>
    <ClInclude Include="vendor\glm\detail\func_geometric.inl">
      <Filter>vendor\glm\detail</Filter>
    </ClInclude>
    <ClInclude Include="vendor\glm\detail\func_geometric_simd.inl">
      <Filter>vendor\glm\detail</Filter>
    </ClInclude>
    <ClInclude Include="vendor\glm\detail\func_integer.inl">
      <Filter>vendor\glm\detail</Filter>
    </ClInclude>
    <ClInclude Include="vendor\glm\detail\func_integer_simd.inl">
      <Filter>vendor\glm\detail</Filter>
    </ClInclude>
    <ClInclude Include="vendor\glm\detail\func_matrix.inl">
      <Filter>vendor\glm\detail</Filter>
    </ClInclude>
    <ClInclude Include="vendor\glm\detail\func_matrix_simd.inl">
      <Filter>vendor\glm\detail</Filter>
    </ClInclude>
    <ClInclude Include="vendor\glm\detail\func_packing.inl">
      <Filter>vendor\glm\detail</Filter>
    </ClInclude>
    <ClInclude Include="vendor\glm\detail\func_packing_simd.inl">
      <Filter>vendor\glm\detail</Filter>
    </ClInclude>
    <ClInclude Include="vendor\glm\detail\func_trigonometric.inl">
      <Filter>vendor\glm\detail</Filter>
    </ClInclude>
    <ClInclude Include="vendor\glm\detail\func_trigonometric_simd.inl">
      <Filter>vendor\glm\detail</Filter>
    </ClInclude>
    <ClInclude Include="vendor\glm\detail\func_vector_relational.inl">
      <Filter>vendor\glm\detail</Filter>
    </ClInclude>
    <ClInclude Include="vendor\glm\detail\func_vector_relational_simd.inl">
      <Filter>vendor\glm\detail</Filter>
    </ClInclude>
    <ClInclude Include="vendor\glm\detail\qualifier.hpp">
      <Filter>vendor\glm\detail</Filter>
    </ClInclude>
    <ClInclude Include="vendor\glm\detail\setup.hpp">
      <Filter>vendor\glm\detail</Filter>
    </ClInclude>
    <ClInclude Include="vendor\glm\detail\type_float.hpp">
      <Filter>vendor\glm\detail</Filter>
    </ClInclude>
    <ClInclude Include="vendor\glm\detail\type_half.hpp">
      <Filter>vendor\glm\detail</Filter>
    </ClInclude>
    <ClInclude Include="vendor\glm\detail\type_half.inl">
      <Filter>vendor\glm\detail</Filter>
    </ClInclude>
    <ClInclude Include="vendor\glm\detail\type_mat2x2.hpp">
      <Filter>vendor\glm\detail</Filter>
    </ClInclude>
    <ClInclude Include="vendor\glm\detail\type_mat2x2.inl">
      <Filter>vendor\glm\detail</Filter>
    </ClInclude>
    <ClInclude Include="vendor\glm\detail\type_mat2x3.hpp">
      <Filter>vendor\glm\detail</Filter>
    </ClInclude>
    <ClInclude Include="vendor\glm\detail\type_mat2x3.inl">
      <Filter>vendor\glm\detail</Filter>
    </ClInclude>
    <ClInclude Include="vendor\glm\detail\type_mat2x4.hpp">
      <Filter>vendor\glm\detail</Filter>
    </ClInclude>
    <ClInclude Include="vendor\glm\detail\type_mat2x4.inl">
      <Filter>vendor\glm\detail</Filter>
    </ClInclude>
    <ClInclude Include="vendor\glm\detail\type_mat3x2.hpp">
      <Filter>vendor\glm\detail</Filter>
    </ClInclude>
    <ClInclude Include="vendor\glm\detail\type_mat3x2.inl">
      <Filter>vendor\glm\detail</Filter>
    </ClInclude>
    <ClInclude Include="vendor\glm\detail\type_mat3x3.hpp">
      <Filter>vendor\glm\detail</Filter>
    </ClInclude>
    <ClInclude Include="vendor\glm\detail\type_mat3x3.inl">
      <Filter>vendor\glm\detail</Filter>
    </ClInclude>
    <ClInclude Include="vendor\glm\detail\type_mat3x4.hpp">
      <Filter>vendor\glm\detail</Filter>
    </ClInclude>
    <ClInclude Include="vendor\glm\detail\type_mat3x4.inl">
      <Filter>vendor\glm\detail</Filter>
    </ClInclude>
    <ClInclude Include="vendor\glm\detail\type_mat4x2.hpp">
      <Filter>vendor\glm\detail</Filter>
    </ClInclude>
    <ClInclude Include="vendor\glm\detail\type_mat4x2.inl">
      <Filter>vendor\glm\detail</Filter>
    </ClInclude>
    <ClInclude Include="vendor\glm\detail\type_mat4x3.hpp">
      <Filter>vendor\glm\detail</Filter>
    </ClInclude>
    <ClInclude Include="vendor\glm\detail\type_mat4x3.inl">
      <Filter>vendor\glm\detail</Filter>
    </ClInclude>
    <ClInclude Include="vendor\glm\detail\type_mat4x4.hpp">
      <Filter>vendor\glm\detail</Filter>
    </ClInclude>
    <ClInclude Include="vendor\glm\detail\type_mat4x4.inl">
      <Filter>vendor\glm\detail</Filter>
    </ClInclude>
    <ClInclude Include="vendor\glm\detail\type_mat4x4_simd.inl">
      <Filter>vendor\glm\detail</Filter>
    </ClInclude>
    <ClInclude Include="vendor\glm\detail\type_quat.hpp">
      <Filter>vendor\glm\detail</Filter>
    </ClInclude>
    <ClInclude Include="vendor\glm\detail\type_quat.inl">
      <Filter>vendor\glm\detail</Filter>
    </ClInclude>
    <ClInclude Include="vendor\glm\detail\type_quat_simd.inl">
      <Filter>vendor\glm\detail</Filter>
    </ClInclude>
    <ClInclude Include="vendor\glm\detail\type_vec1.hpp">
      <Filter>vendor\glm\detail</Filter>
    </ClInclude>
    <ClInclude Include="vendor\glm\detail\type_vec1.inl">
      <Filter>vendor\glm\detail</Filter>
    </ClInclude>
    <ClInclude Include="vendor\glm\detail\type_vec2.hpp">
      <Filter>vendor\glm\detail</Filter>
    </ClInclude>
    <ClInclude Include="vendor\glm\detail\type_vec2.inl">
      <Filter>vendor\glm\detail</Filter>
    </ClInclude>
    <ClInclude Include="vendor\glm\detail\type_vec3.hpp">
      <Filter>vendor\glm\detail</Filter>
    </ClInclude>
    <ClInclude Include="vendor\glm\detail\type_vec3.inl">
      <Filter>vendor\glm\detail</Filter>
    </ClInclude>
    <ClInclude Include="vendor\glm\detail\type_vec4.hpp">
      <Filter>vendor\glm\detail</Filter>
    </ClInclude>
    <ClInclude Include="vendor\glm\detail\type_vec4.inl">
      <Filter>vendor\glm\detail</Filter>
    </ClInclude>
    <ClInclude Include="vendor\glm\detail\type_vec4_simd.inl">
      <Filter>vendor\glm\detail</Filter>
    </ClInclude>
    <ClInclude Include="vendor\glm\exponential.hpp">
      <Filter>vendor\glm</Filter>
    </ClInclude>
    <ClInclude Include="vendor\glm\ext.hpp">
      <Filter>vendor\glm</Filter>
    </ClInclude>
    <ClInclude Include="vendor\glm\ext\_matrix_vectorize.hpp">
      <Filter>vendor\glm\ext</Filter>
    </ClInclude>
    <ClInclude Include="vendor\glm\ext\matrix_clip_space.hpp">
      <Filter>vendor\glm\ext</Filter>
    </ClInclude>
    <ClInclude Include="vendor\glm\ext\matrix_clip_space.inl">
      <Filter>vendor\glm\ext</Filter>
    </ClInclude>
    <ClInclude Include="vendor\glm\ext\matrix_common.hpp">
      <Filter>vendor\glm\ext</Filter>
    </ClInclude>
    <ClInclude Include="vendor\glm\ext\matrix_common.inl">
      <Filter>vendor\glm\ext</Filter>
    </ClInclude>
    <ClInclude Include="vendor\glm\ext\matrix_double2x2.hpp">
      <Filter>vendor\glm\ext</Filter>
    </ClInclude>
    <ClInclude Include="vendor\glm\ext\matrix_double2x2_precision.hpp">
      <Filter>vendor\glm\ext</Filter>
    </ClInclude>
    <ClInclude Include="vendor\glm\ext\matrix_double2x3.hpp">
      <Filter>vendor\glm\ext</Filter>
    </ClInclude>
    <ClInclude Include="vendor\glm\ext\matrix_double2x3_precision.hpp">
      <Filter>vendor\glm\ext</Filter>
    </ClInclude>
    <ClInclude Include="vendor\glm\ext\matrix_double2x4.hpp">
      <Filter>vendor\glm\ext</Filter>
    </ClInclude>
    <ClInclude Include="vendor\glm\ext\matrix_double2x4_precision.hpp">
      <Filter>vendor\glm\ext</Filter>
    </ClInclude>
    <ClInclude Include="vendor\glm\ext\matrix_double3x2.hpp">
      <Filter>vendor\glm\ext</Filter>
    </ClInclude>
    <ClInclude Include="vendor\glm\ext\matrix_double3x2_precision.hpp">
      <Filter>vendor\glm\ext</Filter>
    </ClInclude>
    <ClInclude Include="vendor\glm\ext\matrix_double3x3.hpp">
      <Filter>vendor\glm\ext</Filter>
    </ClInclude>
    <ClInclude Include="vendor\glm\ext\matrix_double3x3_precision.hpp">
      <Filter>vendor\glm\ext</Filter>
    </ClInclude>
    <ClInclude Include="vendor\glm\ext\matrix_double3x4.hpp">
      <Filter>vendor\glm\ext</Filter>
    </ClInclude>
    <ClInclude Include="vendor\glm\ext\matrix_double3x4_precision.hpp">
      <Filter>vendor\glm\ext</Filter>
    </ClInclude>
    <ClInclude Include="vendor\glm\ext\matrix_double4x2.hpp">
      <Filter>vendor\glm\ext</Filter>
    </ClInclude>
    <ClInclude Include="vendor\glm\ext\matrix_double4x2_precision.hpp">
      <Filter>vendor\glm\ext</Filter>
    </ClInclude>
    <ClInclude Include="vendor\glm\ext\matrix_double4x3.hpp">
      <Filter>vendor\glm\ext</Filter>
    </ClInclude>
    <ClInclude Include="vendor\glm\ext\matrix_double4x3_precision.hpp">
      <Filter>vendor\glm\ext</Filter>
    </ClInclude>
    <ClInclude Include="vendor\glm\ext\matrix_double4x4.hpp">
      <Filter>vendor\glm\ext</Filter>
    </ClInclude>
    <ClInclude Include="vendor\glm\ext\matrix_double4x4_precision.hpp">
      <Filter>vendor\glm\ext</Filter>
    </ClInclude>
    <ClInclude Include="vendor\glm\ext\matrix_float2x2.hpp">
      <Filter>vendor\glm\ext</Filter>
    </ClInclude>
    <ClInclude Include="vendor\glm\ext\matrix_float2x2_precision.hpp">
      <Filter>vendor\glm\ext</Filter>
    </ClInclude>
    <ClInclude Include="vendor\glm\ext\matrix_float2x3.hpp">
      <Filter>vendor\glm\ext</Filter>
    </ClInclude>
    <ClInclude Include="vendor\glm\ext\matrix_float2x3_precision.hpp">
      <Filter>vendor\glm\ext</Filter>
    </ClInclude>
    <ClInclude Include="vendor\glm\ext\matrix_float2x4.hpp">
      <Filter>vendor\glm\ext</Filter>
    </ClInclude>
    <ClInclude Include="vendor\glm\ext\matrix_float2x4_precision.hpp">
      <Filter>vendor\glm\ext</Filter>
    </ClInclude>
    <ClInclude Include="vendor\glm\ext\matrix_float3x2.hpp">
      <Filter>vendor\glm\ext</Filter>
    </ClInclude>
    <ClInclude Include="vendor\glm\ext\matrix_float3x2_precision.hpp">
      <Filter>vendor\glm\ext</Filter>
    </ClInclude>
    <ClInclude Include="vendor\glm\ext\matrix_float3x3.hpp">
      <Filter>vendor\glm\ext</Filter>
    </ClInclude>
    <ClInclude Include="vendor\glm\ext\matrix_float3x3_precision.hpp">
      <Filter>vendor\glm\ext</Filter>
    </ClInclude>
    <ClInclude Include="vendor\glm\ext\matrix_float3x4.hpp">
      <Filter>vendor\glm\ext</Filter>
    </ClInclude>
    <ClInclude Include="vendor\glm\ext\matrix_float3x4_precision.hpp">
      <Filter>vendor\glm\ext</Filter>
    </ClInclude>
    <ClInclude Include="vendor\glm\ext\matrix_float4x2.hpp">
      <Filter>vendor\glm\ext</Filter>
    </ClInclude>
    <ClInclude Include="vendor\glm\ext\matrix_float4x2_precision.hpp">
      <Filter>vendor\glm\ext</Filter>
    </ClInclude>
    <ClInclude Include="vendor\glm\ext\matrix_float4x3.hpp">
      <Filter>vendor\glm\ext</Filter>
    </ClInclude>
    <ClInclude Include="vendor\glm\ext\matrix_float4x3_precision.hpp">
      <Filter>vendor\glm\ext</Filter>
    </ClInclude>
    <ClInclude Include="vendor\glm\ext\matrix_float4x4.hpp">
      <Filter>vendor\glm\ext</Filter>
    </ClInclude>
    <ClInclude Include="vendor\glm\ext\matrix_float4x4_precision.hpp">
      <Filter>vendor\glm\ext</Filter>
    </ClInclude>
    <ClInclude Include="vendor\glm\ext\matrix_int2x2.hpp">
      <Filter>vendor\glm\ext</Filter>
    </ClInclude>
    <ClInclude Include="vendor\glm\ext\matrix_int2x2_sized.hpp">
      <Filter>vendor\glm\ext</Filter>
    </ClInclude>
    <ClInclude Include="vendor\glm\ext\matrix_int2x3.hpp">
      <Filter>vendor\glm\ext</Filter>
    </ClInclude>
    <ClInclude Include="vendor\glm\ext\matrix_int2x3_sized.hpp">
      <Filter>vendor\glm\ext</Filter>
    </ClInclude>
    <ClInclude Include="vendor\glm\ext\matrix_int2x4.hpp">
      <Filter>vendor\glm\ext</Filter>
    </ClInclude>
    <ClInclude Include="vendor\glm\ext\matrix_int2x4_sized.hpp">
      <Filter>vendor\glm\ext</Filter>
    </ClInclude>
    <ClInclude Include="vendor\glm\ext\matrix_int3x2.hpp">
      <Filter>vendor\glm\ext</Filter>
    </ClInclude>
    <ClInclude Include="vendor\glm\ext\matrix_int3x2_sized.hpp">
      <Filter>vendor\glm\ext</Filter>
    </ClInclude>
    <ClInclude Include="vendor\glm\ext\matrix_int3x3.hpp">
      <Filter>vendor\glm\ext</Filter>
    </ClInclude>
    <ClInclude Include="vendor\glm\ext\matrix_int3x3_sized.hpp">
      <Filter>vendor\glm\ext</Filter>
    </ClInclude>
    <ClInclude Include="vendor\glm\ext\matrix_int3x4.hpp">
      <Filter>vendor\glm\ext</Filter>
    </ClInclude>
    <ClInclude Include="vendor\glm\ext\matrix_int3x4_sized.hpp">
      <Filter>vendor\glm\ext</Filter>
    </ClInclude>
    <ClInclude Include="vendor\glm\ext\matrix_int4x2.hpp">
      <Filter>vendor\glm\ext</Filter>
    </ClInclude>
    <ClInclude Include="vendor\glm\ext\matrix_int4x2_sized.hpp">
      <Filter>vendor\glm\ext</Filter>
    </ClInclude>
    <ClInclude Include="vendor\glm\ext\matrix_int4x3.hpp">
      <Filter>vendor\glm\ext</Filter>
    </ClInclude>
    <ClInclude Include="vendor\glm\ext\matrix_int4x3_sized.hpp">
      <Filter>vendor\glm\ext</Filter>
    </ClInclude>
    <ClInclude Include="vendor\glm\ext\matrix_int4x4.hpp">
      <Filter>vendor\glm\ext</Filter>
    </ClInclude>
    <ClInclude Include="vendor\glm\ext\matrix_int4x4_sized.hpp">
      <Filter>vendor\glm\ext</Filter>
    </ClInclude>
    <ClInclude Include="vendor\glm\ext\matrix_integer.hpp">
      <Filter>vendor\glm\ext</Filter>
    </ClInclude>
    <ClInclude Include="vendor\glm\ext\matrix_integer.inl">
      <Filter>vendor\glm\ext</Filter>
    </ClInclude>
    <ClInclude Include="vendor\glm\ext\matrix_projection.hpp">
      <Filter>vendor\glm\ext</Filter>
    </ClInclude>
    <ClInclude Include="vendor\glm\ext\matrix_projection.inl">
      <Filter>vendor\glm\ext</Filter>
    </ClInclude>
    <ClInclude Include="vendor\glm\ext\matrix_relational.hpp">
      <Filter>vendor\glm\ext</Filter>
    </ClInclude>
    <ClInclude Include="vendor\glm\ext\matrix_relational.inl">
      <Filter>vendor\glm\ext</Filter>
    </ClInclude>
    <ClInclude Include="vendor\glm\ext\matrix_transform.hpp">
      <Filter>vendor\glm\ext</Filter>
    </ClInclude>
    <ClInclude Include="vendor\glm\ext\matrix_transform.inl">
      <Filter>vendor\glm\ext</Filter>
    </ClInclude>
    <ClInclude Include="vendor\glm\ext\matrix_uint2x2.hpp">
      <Filter>vendor\glm\ext</Filter>
    </ClInclude>
    <ClInclude Include="vendor\glm\ext\matrix_uint2x2_sized.hpp">
      <Filter>vendor\glm\ext</Filter>
    </ClInclude>
    <ClInclude Include="vendor\glm\ext\matrix_uint2x3.hpp">
      <Filter>vendor\glm\ext</Filter>
    </ClInclude>
    <ClInclude Include="vendor\glm\ext\matrix_uint2x3_sized.hpp">
      <Filter>vendor\glm\ext</Filter>
    </ClInclude>
    <ClInclude Include="vendor\glm\ext\matrix_uint2x4.hpp">
      <Filter>vendor\glm\ext</Filter>
    </ClInclude>
    <ClInclude Include="vendor\glm\ext\matrix_uint2x4_sized.hpp">
      <Filter>vendor\glm\ext</Filter>
    </ClInclude>
    <ClInclude Include="vendor\glm\ext\matrix_uint3x2.hpp">
      <Filter>vendor\glm\ext</Filter>
    </ClInclude>
    <ClInclude Include="vendor\glm\ext\matrix_uint3x2_sized.hpp">
      <Filter>vendor\glm\ext</Filter>
    </ClInclude>
    <ClInclude Include="vendor\glm\ext\matrix_uint3x3.hpp">
      <Filter>vendor\glm\ext</Filter>
    </ClInclude>
    <ClInclude Include="vendor\glm\ext\matrix_uint3x3_sized.hpp">
      <Filter>vendor\glm\ext</Filter>
    </ClInclude>
    <ClInclude Include="vendor\glm\ext\matrix_uint3x4.hpp">
      <Filter>vendor\glm\ext</Filter>
    </ClInclude>
    <ClInclude Include="vendor\glm\ext\matrix_uint3x4_sized.hpp">
      <Filter>vendor\glm\ext</Filter>
    </ClInclude>
    <ClInclude Include="vendor\glm\ext\matrix_uint4x2.hpp">
      <Filter>vendor\glm\ext</Filter>
    </ClInclude>
    <ClInclude Include="vendor\glm\ext\matrix_uint4x2_sized.hpp">
      <Filter>vendor\glm\ext</Filter>
    </ClInclude>
    <ClInclude Include="vendor\glm\ext\matrix_uint4x3.hpp">
      <Filter>vendor\glm\ext</Filter>
    </ClInclude>
    <ClInclude Include="vendor\glm\ext\matrix_uint4x3_sized.hpp">
      <Filter>vendor\glm\ext</Filter>
    </ClInclude>
    <ClInclude Include="vendor\glm\ext\matrix_uint4x4.hpp">
      <Filter>vendor\glm\ext</Filter>
    </ClInclude>
    <ClInclude Include="vendor\glm\ext\matrix_uint4x4_sized.hpp">
      <Filter>vendor\glm\ext</Filter>
    </ClInclude>
    <ClInclude Include="vendor\glm\ext\quaternion_common.hpp">
      <Filter>vendor\glm\ext</Filter>
    </ClInclude>
    <ClInclude Include="vendor\glm\ext\quaternion_common.inl">
      <Filter>vendor\glm\ext</Filter>
    </ClInclude>
    <ClInclude Include="vendor\glm\ext\quaternion_common_simd.inl">
      <Filter>vendor\glm\ext</Filter>
    </ClInclude>
    <ClInclude Include="vendor\glm\ext\quaternion_double.hpp">
      <Filter>vendor\glm\ext</Filter>
    </ClInclude>
    <ClInclude Include="vendor\glm\ext\quaternion_double_precision.hpp">
      <Filter>vendor\glm\ext</Filter>
    </ClInclude>
    <ClInclude Include="vendor\glm\ext\quaternion_exponential.hpp">
      <Filter>vendor\glm\ext</Filter>
    </ClInclude>
    <ClInclude Include="vendor\glm\ext\quaternion_exponential.inl">
      <Filter>vendor\glm\ext</Filter>
    </ClInclude>
    <ClInclude Include="vendor\glm\ext\quaternion_float.hpp">
      <Filter>vendor\glm\ext</Filter>
    </ClInclude>
    <ClInclude Include="vendor\glm\ext\quaternion_float_precision.hpp">
      <Filter>vendor\glm\ext</Filter>
    </ClInclude>
    <ClInclude Include="vendor\glm\ext\quaternion_geometric.hpp">
      <Filter>vendor\glm\ext</Filter>
    </ClInclude>
    <ClInclude Include="vendor\glm\ext\quaternion_geometric.inl">
      <Filter>vendor\glm\ext</Filter>
    </ClInclude>
    <ClInclude Include="vendor\glm\ext\quaternion_relational.hpp">
      <Filter>vendor\glm\ext</Filter>
    </ClInclude>
    <ClInclude Include="vendor\glm\ext\quaternion_relational.inl">
      <Filter>vendor\glm\ext</Filter>
    </ClInclude>
    <ClInclude Include="vendor\glm\ext\quaternion_transform.hpp">
      <Filter>vendor\glm\ext</Filter>
    </ClInclude>
    <ClInclude Include="vendor\glm\ext\quaternion_transform.inl">
      <Filter>vendor\glm\ext</Filter>
    </ClInclude>
    <ClInclude Include="vendor\glm\ext\quaternion_trigonometric.hpp">
      <Filter>vendor\glm\ext</Filter>
    </ClInclude>
    <ClInclude Include="vendor\glm\ext\quaternion_trigonometric.inl">
      <Filter>vendor\glm\ext</Filter>
    </ClInclude>
    <ClInclude Include="vendor\glm\ext\scalar_common.hpp">
      <Filter>vendor\glm\ext</Filter>
    </ClInclude>
    <ClInclude Include="vendor\glm\ext\scalar_common.inl">
      <Filter>vendor\glm\ext</Filter>
    </ClInclude>
    <ClInclude Include="vendor\glm\ext\scalar_constants.hpp">
      <Filter>vendor\glm\ext</Filter>
    </ClInclude>
    <ClInclude Include="vendor\glm\ext\scalar_constants.inl">
      <Filter>vendor\glm\ext</Filter>
    </ClInclude>
    <ClInclude Include="vendor\glm\ext\scalar_int_sized.hpp">
      <Filter>vendor\glm\ext</Filter>
    </ClInclude>
    <ClInclude Include="vendor\glm\ext\scalar_integer.hpp">
      <Filter>vendor\glm\ext</Filter>
    </ClInclude>
    <ClInclude Include="vendor\glm\ext\scalar_integer.inl">
      <Filter>vendor\glm\ext</Filter>
    </ClInclude>
    <ClInclude Include="vendor\glm\ext\scalar_packing.hpp">
      <Filter>vendor\glm\ext</Filter>
    </ClInclude>
    <ClInclude Include="vendor\glm\ext\scalar_packing.inl">
      <Filter>vendor\glm\ext</Filter>
    </ClInclude>
    <ClInclude Include="vendor\glm\ext\scalar_reciprocal.hpp">
      <Filter>vendor\glm\ext</Filter>
    </ClInclude>
    <ClInclude Include="vendor\glm\ext\scalar_reciprocal.inl">
      <Filter>vendor\glm\ext</Filter>
    </ClInclude>
    <ClInclude Include="vendor\glm\ext\scalar_relational.hpp">
      <Filter>vendor\glm\ext</Filter>
    </ClInclude>
    <ClInclude Include="vendor\glm\ext\scalar_relational.inl">
      <Filter>vendor\glm\ext</Filter>
    </ClInclude>
    <ClInclude Include="vendor\glm\ext\scalar_uint_sized.hpp">
      <Filter>vendor\glm\ext</Filter>
    </ClInclude>
    <ClInclude Include="vendor\glm\ext\scalar_ulp.hpp">
      <Filter>vendor\glm\ext</Filter>
    </ClInclude>
    <ClInclude Include="vendor\glm\ext\scalar_ulp.inl">
      <Filter>vendor\glm\ext</Filter>
    </ClInclude>
    <ClInclude Include="vendor\glm\ext\vector_bool1.hpp">
      <Filter>vendor\glm\ext</Filter>
    </ClInclude>
    <ClInclude Include="vendor\glm\ext\vector_bool1_precision.hpp">
      <Filter>vendor\glm\ext</Filter>
    </ClInclude>
    <ClInclude Include="vendor\glm\ext\vector_bool2.hpp">
      <Filter>vendor\glm\ext</Filter>
    </ClInclude>
    <ClInclude Include="vendor\glm\ext\vector_bool2_precision.hpp">
      <Filter>vendor\glm\ext</Filter>
    </ClInclude>
    <ClInclude Include="vendor\glm\ext\vector_bool3.hpp">
      <Filter>vendor\glm\ext</Filter>
    </ClInclude>
    <ClInclude Include="vendor\glm\ext\vector_bool3_precision.hpp">
      <Filter>vendor\glm\ext</Filter>
    </ClInclude>
    <ClInclude Include="vendor\glm\ext\vector_bool4.hpp">
      <Filter>vendor\glm\ext</Filter>
    </ClInclude>
    <ClInclude Include="vendor\glm\ext\vector_bool4_precision.hpp">
      <Filter>vendor\glm\ext</Filter>
    </ClInclude>
    <ClInclude Include="vendor\glm\ext\vector_common.hpp">
      <Filter>vendor\glm\ext</Filter>
    </ClInclude>
    <ClInclude Include="vendor\glm\ext\vector_common.inl">
      <Filter>vendor\glm\ext</Filter>
    </ClInclude>
    <ClInclude Include="vendor\glm\ext\vector_double1.hpp">
      <Filter>vendor\glm\ext</Filter>
    </ClInclude>
    <ClInclude Include="vendor\glm\ext\vector_double1_precision.hpp">
      <Filter>vendor\glm\ext</Filter>
    </ClInclude>
    <ClInclude Include="vendor\glm\ext\vector_double2.hpp">
      <Filter>vendor\glm\ext</Filter>
    </ClInclude>
    <ClInclude Include="vendor\glm\ext\vector_double2_precision.hpp">
      <Filter>vendor\glm\ext</Filter>
    </ClInclude>
    <ClInclude Include="vendor\glm\ext\vector_double3.hpp">
      <Filter>vendor\glm\ext</Filter>
    </ClInclude>
    <ClInclude Include="vendor\glm\ext\vector_double3_precision.hpp">
      <Filter>vendor\glm\ext</Filter>
    </ClInclude>
    <ClInclude Include="vendor\glm\ext\vector_double4.hpp">
      <Filter>vendor\glm\ext</Filter>
    </ClInclude>
    <ClInclude Include="vendor\glm\ext\vector_double4_precision.hpp">
      <Filter>vendor\glm\ext</Filter>
    </ClInclude>
    <ClInclude Include="vendor\glm\ext\vector_float1.hpp">
      <Filter>vendor\glm\ext</Filter>
    </ClInclude>
    <ClInclude Include="vendor\glm\ext\vector_float1_precision.hpp">
      <Filter>vendor\glm\ext</Filter>
    </ClInclude>
    <ClInclude Include="vendor\glm\ext\vector_float2.hpp">
      <Filter>vendor\glm\ext</Filter>
    </ClInclude>
    <ClInclude Include="vendor\glm\ext\vector_float2_precision.hpp">
      <Filter>vendor\glm\ext</Filter>
    </ClInclude>
    <ClInclude Include="vendor\glm\ext\vector_float3.hpp">
      <Filter>vendor\glm\ext</Filter>
    </ClInclude>
    <ClInclude Include="vendor\glm\ext\vector_float3_precision.hpp">
      <Filter>vendor\glm\ext</Filter>
    </ClInclude>
    <ClInclude Include="vendor\glm\ext\vector_float4.hpp">
      <Filter>vendor\glm\ext</Filter>
    </ClInclude>
    <ClInclude Include="vendor\glm\ext\vector_float4_precision.hpp">
      <Filter>vendor\glm\ext</Filter>
    </ClInclude>
    <ClInclude Include="vendor\glm\ext\vector_int1.hpp">
      <Filter>vendor\glm\ext</Filter>
    </ClInclude>
    <ClInclude Include="vendor\glm\ext\vector_int1_sized.hpp">
      <Filter>vendor\glm\ext</Filter>
    </ClInclude>
    <ClInclude Include="vendor\glm\ext\vector_int2.hpp">
      <Filter>vendor\glm\ext</Filter>
    </ClInclude>
    <ClInclude Include="vendor\glm\ext\vector_int2_sized.hpp">
      <Filter>vendor\glm\ext</Filter>
    </ClInclude>
    <ClInclude Include="vendor\glm\ext\vector_int3.hpp">
      <Filter>vendor\glm\ext</Filter>
    </ClInclude>
    <ClInclude Include="vendor\glm\ext\vector_int3_sized.hpp">
      <Filter>vendor\glm\ext</Filter>
    </ClInclude>
    <ClInclude Include="vendor\glm\ext\vector_int4.hpp">
      <Filter>vendor\glm\ext</Filter>
    </ClInclude>
    <ClInclude Include="vendor\glm\ext\vector_int4_sized.hpp">
      <Filter>vendor\glm\ext</Filter>
    </ClInclude>
    <ClInclude Include="vendor\glm\ext\vector_integer.hpp">
      <Filter>vendor\glm\ext</Filter>
    </ClInclude>
    <ClInclude Include="vendor\glm\ext\vector_integer.inl">
      <Filter>vendor\glm\ext</Filter>
    </ClInclude>
    <ClInclude Include="vendor\glm\ext\vector_packing.hpp">
      <Filter>vendor\glm\ext</Filter>
    </ClInclude>
    <ClInclude Include="vendor\glm\ext\vector_packing.inl">
      <Filter>vendor\glm\ext</Filter>
    </ClInclude>
    <ClInclude Include="vendor\glm\ext\vector_reciprocal.hpp">
      <Filter>vendor\glm\ext</Filter>
    </ClInclude>
    <ClInclude Include="vendor\glm\ext\vector_reciprocal.inl">
      <Filter>vendor\glm\ext</Filter>
    </ClInclude>
    <ClInclude Include="vendor\glm\ext\vector_relational.hpp">
      <Filter>vendor\glm\ext</Filter>
    </ClInclude>
    <ClInclude Include="vendor\glm\ext\vector_relational.inl">
      <Filter>vendor\glm\ext</Filter>
    </ClInclude>
    <ClInclude Include="vendor\glm\ext\vector_uint1.hpp">
      <Filter>vendor\glm\ext</Filter>
    </ClInclude>
    <ClInclude Include="vendor\glm\ext\vector_uint1_sized.hpp">
      <Filter>vendor\glm\ext</Filter>
    </ClInclude>
    <ClInclude Include="vendor\glm\ext\vector_uint2.hpp">
      <Filter>vendor\glm\ext</Filter>
    </ClInclude>
    <ClInclude Include="vendor\glm\ext\vector_uint2_sized.hpp">
      <Filter>vendor\glm\ext</Filter>
    </ClInclude>
    <ClInclude Include="vendor\glm\ext\vector_uint3.hpp">
      <Filter>vendor\glm\ext</Filter>
    </ClInclude>
    <ClInclude Include="vendor\glm\ext\vector_uint3_sized.hpp">
      <Filter>vendor\glm\ext</Filter>
    </ClInclude>
    <ClInclude Include="vendor\glm\ext\vector_uint4.hpp">
      <Filter>vendor\glm\ext</Filter>
    </ClInclude>
    <ClInclude Include="vendor\glm\ext\vector_uint4_sized.hpp">
      <Filter>vendor\glm\ext</Filter>
    </ClInclude>
    <ClInclude Include="vendor\glm\ext\vector_ulp.hpp">
      <Filter>vendor\glm\ext</Filter>
    </ClInclude>
    <ClInclude Include="vendor\glm\ext\vector_ulp.inl">
      <Filter>vendor\glm\ext</Filter>
    </ClInclude>
    <ClInclude Include="vendor\glm\fwd.hpp">
      <Filter>vendor\glm</Filter>
    </ClInclude>
    <ClInclude Include="vendor\glm\geometric.hpp">
      <Filter>vendor\glm</Filter>
    </ClInclude>
    <ClInclude Include="vendor\glm\glm.hpp">
      <Filter>vendor\glm</Filter>
    </ClInclude>
    <ClInclude Include="vendor\glm\gtc\bitfield.hpp">
      <Filter>vendor\glm\gtc</Filter>
    </ClInclude>
    <ClInclude Include="vendor\glm\gtc\bitfield.inl">
      <Filter>vendor\glm\gtc</Filter>
    </ClInclude>
    <ClInclude Include="vendor\glm\gtc\color_space.hpp">
      <Filter>vendor\glm\gtc</Filter>
    </ClInclude>
    <ClInclude Include="vendor\glm\gtc\color_space.inl">
      <Filter>vendor\glm\gtc</Filter>
    </ClInclude>
    <ClInclude Include="vendor\glm\gtc\constants.hpp">
      <Filter>vendor\glm\gtc</Filter>
    </ClInclude>
    <ClInclude Include="vendor\glm\gtc\constants.inl">
      <Filter>vendor\glm\gtc</Filter>
    </ClInclude>
    <ClInclude Include="vendor\glm\gtc\epsilon.hpp">
      <Filter>vendor\glm\gtc</Filter>
    </ClInclude>
    <ClInclude Include="vendor\glm\gtc\epsilon.inl">
      <Filter>vendor\glm\gtc</Filter>
    </ClInclude>
    <ClInclude Include="vendor\glm\gtc\integer.hpp">
      <Filter>vendor\glm\gtc</Filter>
    </ClInclude>
    <ClInclude Include="vendor\glm\gtc\integer.inl">
      <Filter>vendor\glm\gtc</Filter>
    </ClInclude>
    <ClInclude Include="vendor\glm\gtc\matrix_access.hpp">
      <Filter>vendor\glm\gtc</Filter>
    </ClInclude>
    <ClInclude Include="vendor\glm\gtc\matrix_access.inl">
      <Filter>vendor\glm\gtc</Filter>
    </ClInclude>
    <ClInclude Include="vendor\glm\gtc\matrix_integer.hpp">
      <Filter>vendor\glm\gtc</Filter>
    </ClInclude>
    <ClInclude Include="vendor\glm\gtc\matrix_inverse.hpp">
      <Filter>vendor\glm\gtc</Filter>
    </ClInclude>
    <ClInclude Include="vendor\glm\gtc\matrix_inverse.inl">
      <Filter>vendor\glm\gtc</Filter>
    </ClInclude>
    <ClInclude Include="vendor\glm\gtc\matrix_transform.hpp">
      <Filter>vendor\glm\gtc</Filter>
    </ClInclude>
    <ClInclude Include="vendor\glm\gtc\matrix_transform.inl">
      <Filter>vendor\glm\gtc</Filter>
    </ClInclude>
    <ClInclude Include="vendor\glm\gtc\noise.hpp">
      <Filter>vendor\glm\gtc</Filter>
    </ClInclude>
    <ClInclude Include="vendor\glm\gtc\noise.inl">
      <Filter>vendor\glm\gtc</Filter>
    </ClInclude>
    <ClInclude Include="vendor\glm\gtc\packing.hpp">
      <Filter>vendor\glm\gtc</Filter>
    </ClInclude>
    <ClInclude Include="vendor\glm\gtc\packing.inl">
      <Filter>vendor\glm\gtc</Filter>
    </ClInclude>
    <ClInclude Include="vendor\glm\gtc\quaternion.hpp">
      <Filter>vendor\glm\gtc</Filter>
    </ClInclude>
    <ClInclude Include="vendor\glm\gtc\quaternion.inl">
      <Filter>vendor\glm\gtc</Filter>
    </ClInclude>
    <ClInclude Include="vendor\glm\gtc\quaternion_simd.inl">
      <Filter>vendor\glm\gtc</Filter>
    </ClInclude>
    <ClInclude Include="vendor\glm\gtc\random.hpp">
      <Filter>vendor\glm\gtc</Filter>
    </ClInclude>
    <ClInclude Include="vendor\glm\gtc\random.inl">
      <Filter>vendor\glm\gtc</Filter>
    </ClInclude>
    <ClInclude Include="vendor\glm\gtc\reciprocal.hpp">
      <Filter>vendor\glm\gtc</Filter>
    </ClInclude>
    <ClInclude Include="vendor\glm\gtc\round.hpp">
      <Filter>vendor\glm\gtc</Filter>
    </ClInclude>
    <ClInclude Include="vendor\glm\gtc\round.inl">
      <Filter>vendor\glm\gtc</Filter>
    </ClInclude>
    <ClInclude Include="vendor\glm\gtc\type_aligned.hpp">
      <Filter>vendor\glm\gtc</Filter>
    </ClInclude>
    <ClInclude Include="vendor\glm\gtc\type_precision.hpp">
      <Filter>vendor\glm\gtc</Filter>
    </ClInclude>
    <ClInclude Include="vendor\glm\gtc\type_precision.inl">
      <Filter>vendor\glm\gtc</Filter>
    </ClInclude>
    <ClInclude Include="vendor\glm\gtc\type_ptr.hpp">
      <Filter>vendor\glm\gtc</Filter>
    </ClInclude>
    <ClInclude Include="vendor\glm\gtc\type_ptr.inl">
      <Filter>vendor\glm\gtc</Filter>
    </ClInclude>
    <ClInclude Include="vendor\glm\gtc\ulp.hpp">
      <Filter>vendor\glm\gtc</Filter>
    </ClInclude>
    <ClInclude Include="vendor\glm\gtc\ulp.inl">
      <Filter>vendor\glm\gtc</Filter>
    </ClInclude>
    <ClInclude Include="vendor\glm\gtc\vec1.hpp">
      <Filter>vendor\glm\gtc</Filter>
    </ClInclude>
    <ClInclude Include="vendor\glm\gtx\associated_min_max.hpp">
      <Filter>vendor\glm\gtx</Filter>
    </ClInclude>
    <ClInclude Include="vendor\glm\gtx\associated_min_max.inl">
      <Filter>vendor\glm\gtx</Filter>
    </ClInclude>
    <ClInclude Include="vendor\glm\gtx\bit.hpp">
      <Filter>vendor\glm\gtx</Filter>
    </ClInclude>
    <ClInclude Include="vendor\glm\gtx\bit.inl">
      <Filter>vendor\glm\gtx</Filter>
    </ClInclude>
    <ClInclude Include="vendor\glm\gtx\closest_point.hpp">
      <Filter>vendor\glm\gtx</Filter>
    </ClInclude>
    <ClInclude Include="vendor\glm\gtx\closest_point.inl">
      <Filter>vendor\glm\gtx</Filter>
    </ClInclude>
    <ClInclude Include="vendor\glm\gtx\color_encoding.hpp">
      <Filter>vendor\glm\gtx</Filter>
    </ClInclude>
    <ClInclude Include="vendor\glm\gtx\color_encoding.inl">
      <Filter>vendor\glm\gtx</Filter>
    </ClInclude>
    <ClInclude Include="vendor\glm\gtx\color_space.hpp">
      <Filter>vendor\glm\gtx</Filter>
    </ClInclude>
    <ClInclude Include="vendor\glm\gtx\color_space.inl">
      <Filter>vendor\glm\gtx</Filter>
    </ClInclude>
    <ClInclude Include="vendor\glm\gtx\color_space_YCoCg.hpp">
      <Filter>vendor\glm\gtx</Filter>
    </ClInclude>
    <ClInclude Include="vendor\glm\gtx\color_space_YCoCg.inl">
      <Filter>vendor\glm\gtx</Filter>
    </ClInclude>
    <ClInclude Include="vendor\glm\gtx\common.hpp">
      <Filter>vendor\glm\gtx</Filter>
    </ClInclude>
    <ClInclude Include="vendor\glm\gtx\common.inl">
      <Filter>vendor\glm\gtx</Filter>
    </ClInclude>
    <ClInclude Include="vendor\glm\gtx\compatibility.hpp">
      <Filter>vendor\glm\gtx</Filter>
    </ClInclude>
    <ClInclude Include="vendor\glm\gtx\compatibility.inl">
      <Filter>vendor\glm\gtx</Filter>
    </ClInclude>
    <ClInclude Include="vendor\glm\gtx\component_wise.hpp">
      <Filter>vendor\glm\gtx</Filter>
    </ClInclude>
    <ClInclude Include="vendor\glm\gtx\component_wise.inl">
      <Filter>vendor\glm\gtx</Filter>
    </ClInclude>
    <ClInclude Include="vendor\glm\gtx\dual_quaternion.hpp">
      <Filter>vendor\glm\gtx</Filter>
    </ClInclude>
    <ClInclude Include="vendor\glm\gtx\dual_quaternion.inl">
      <Filter>vendor\glm\gtx</Filter>
    </ClInclude>
    <ClInclude Include="vendor\glm\gtx\easing.hpp">
      <Filter>vendor\glm\gtx</Filter>
    </ClInclude>
    <ClInclude Include="vendor\glm\gtx\easing.inl">
      <Filter>vendor\glm\gtx</Filter>
    </ClInclude>
    <ClInclude Include="vendor\glm\gtx\euler_angles.hpp">
      <Filter>vendor\glm\gtx</Filter>
    </ClInclude>
    <ClInclude Include="vendor\glm\gtx\euler_angles.inl">
      <Filter>vendor\glm\gtx</Filter>
    </ClInclude>
    <ClInclude Include="vendor\glm\gtx\extend.hpp">
      <Filter>vendor\glm\gtx</Filter>
    </ClInclude>
    <ClInclude Include="vendor\glm\gtx\extend.inl">
      <Filter>vendor\glm\gtx</Filter>
    </ClInclude>
    <ClInclude Include="vendor\glm\gtx\extended_min_max.hpp">
      <Filter>vendor\glm\gtx</Filter>
    </ClInclude>
    <ClInclude Include="vendor\glm\gtx\extended_min_max.inl">
      <Filter>vendor\glm\gtx</Filter>
    </ClInclude>
    <ClInclude Include="vendor\glm\gtx\exterior_product.hpp">
      <Filter>vendor\glm\gtx</Filter>
    </ClInclude>
    <ClInclude Include="vendor\glm\gtx\exterior_product.inl">
      <Filter>vendor\glm\gtx</Filter>
    </ClInclude>
    <ClInclude Include="vendor\glm\gtx\fast_exponential.hpp">
      <Filter>vendor\glm\gtx</Filter>
    </ClInclude>
    <ClInclude Include="vendor\glm\gtx\fast_exponential.inl">
      <Filter>vendor\glm\gtx</Filter>
    </ClInclude>
    <ClInclude Include="vendor\glm\gtx\fast_square_root.hpp">
      <Filter>vendor\glm\gtx</Filter>
    </ClInclude>
    <ClInclude Include="vendor\glm\gtx\fast_square_root.inl">
      <Filter>vendor\glm\gtx</Filter>
    </ClInclude>
    <ClInclude Include="vendor\glm\gtx\fast_trigonometry.hpp">
      <Filter>vendor\glm\gtx</Filter>
    </ClInclude>
    <ClInclude Include="vendor\glm\gtx\fast_trigonometry.inl">
      <Filter>vendor\glm\gtx</Filter>
    </ClInclude>
    <ClInclude Include="vendor\glm\gtx\float_notmalize.inl">
      <Filter>vendor\glm\gtx</Filter>
    </ClInclude>
    <ClInclude Include="vendor\glm\gtx\functions.hpp">
      <Filter>vendor\glm\gtx</Filter>
    </ClInclude>
    <ClInclude Include="vendor\glm\gtx\functions.inl">
      <Filter>vendor\glm\gtx</Filter>
    </ClInclude>
    <ClInclude Include="vendor\glm\gtx\gradient_paint.hpp">
      <Filter>vendor\glm\gtx</Filter>
    </ClInclude>
    <ClInclude Include="vendor\glm\gtx\gradient_paint.inl">
      <Filter>vendor\glm\gtx</Filter>
    </ClInclude>
    <ClInclude Include="vendor\glm\gtx\handed_coordinate_space.hpp">
      <Filter>vendor\glm\gtx</Filter>
    </ClInclude>
    <ClInclude Include="vendor\glm\gtx\handed_coordinate_space.inl">
      <Filter>vendor\glm\gtx</Filter>
    </ClInclude>
    <ClInclude Include="vendor\glm\gtx\hash.hpp">
      <Filter>vendor\glm\gtx</Filter>
    </ClInclude>
    <ClInclude Include="vendor\glm\gtx\hash.inl">
      <Filter>vendor\glm\gtx</Filter>
    </ClInclude>
    <ClInclude Include="vendor\glm\gtx\integer.hpp">
      <Filter>vendor\glm\gtx</Filter>
    </ClInclude>
    <ClInclude Include="vendor\glm\gtx\integer.inl">
      <Filter>vendor\glm\gtx</Filter>
    </ClInclude>
    <ClInclude Include="vendor\glm\gtx\intersect.hpp">
      <Filter>vendor\glm\gtx</Filter>
    </ClInclude>
    <ClInclude Include="vendor\glm\gtx\intersect.inl">
      <Filter>vendor\glm\gtx</Filter>
    </ClInclude>
    <ClInclude Include="vendor\glm\gtx\io.hpp">
      <Filter>vendor\glm\gtx</Filter>
    </ClInclude>
    <ClInclude Include="vendor\glm\gtx\io.inl">
      <Filter>vendor\glm\gtx</Filter>
    </ClInclude>
    <ClInclude Include="vendor\glm\gtx\log_base.hpp">
      <Filter>vendor\glm\gtx</Filter>
    </ClInclude>
    <ClInclude Include="vendor\glm\gtx\log_base.inl">
      <Filter>vendor\glm\gtx</Filter>
    </ClInclude>
    <ClInclude Include="vendor\glm\gtx\matrix_cross_product.hpp">
      <Filter>vendor\glm\gtx</Filter>
    </ClInclude>
    <ClInclude Include="vendor\glm\gtx\matrix_cross_product.inl">
      <Filter>vendor\glm\gtx</Filter>
    </ClInclude>
    <ClInclude Include="vendor\glm\gtx\matrix_decompose.hpp">
      <Filter>vendor\glm\gtx</Filter>
    </ClInclude>
    <ClInclude Include="vendor\glm\gtx\matrix_decompose.inl">
      <Filter>vendor\glm\gtx</Filter>
    </ClInclude>
    <ClInclude Include="vendor\glm\gtx\matrix_factorisation.hpp">
      <Filter>vendor\glm\gtx</Filter>
    </ClInclude>
    <ClInclude Include="vendor\glm\gtx\matrix_factorisation.inl">
      <Filter>vendor\glm\gtx</Filter>
    </ClInclude>
    <ClInclude Include="vendor\glm\gtx\matrix_interpolation.hpp">
      <Filter>vendor\glm\gtx</Filter>
    </ClInclude>
    <ClInclude Include="vendor\glm\gtx\matrix_interpolation.inl">
      <Filter>vendor\glm\gtx</Filter>
    </ClInclude>
    <ClInclude Include="vendor\glm\gtx\matrix_major_storage.hpp">
      <Filter>vendor\glm\gtx</Filter>
    </ClInclude>
    <ClInclude Include="vendor\glm\gtx\matrix_major_storage.inl">
      <Filter>vendor\glm\gtx</Filter>
    </ClInclude>
    <ClInclude Include="vendor\glm\gtx\matrix_operation.hpp">
      <Filter>vendor\glm\gtx</Filter>
    </ClInclude>
    <ClInclude Include="vendor\glm\gtx\matrix_operation.inl">
      <Filter>vendor\glm\gtx</Filter>
    </ClInclude>
    <ClInclude Include="vendor\glm\gtx\matrix_query.hpp">
      <Filter>vendor\glm\gtx</Filter>
    </ClInclude>
    <ClInclude Include="vendor\glm\gtx\matrix_query.inl">
      <Filter>vendor\glm\gtx</Filter>
    </ClInclude>
    <ClInclude Include="vendor\glm\gtx\matrix_transform_2d.hpp">
      <Filter>vendor\glm\gtx</Filter>
    </ClInclude>
    <ClInclude Include="vendor\glm\gtx\matrix_transform_2d.inl">
      <Filter>vendor\glm\gtx</Filter>
    </ClInclude>
    <ClInclude Include="vendor\glm\gtx\mixed_product.hpp">
      <Filter>vendor\glm\gtx</Filter>
    </ClInclude>
    <ClInclude Include="vendor\glm\gtx\mixed_product.inl">
      <Filter>vendor\glm\gtx</Filter>
    </ClInclude>
    <ClInclude Include="vendor\glm\gtx\norm.hpp">
      <Filter>vendor\glm\gtx</Filter>
    </ClInclude>
    <ClInclude Include="vendor\glm\gtx\norm.inl">
      <Filter>vendor\glm\gtx</Filter>
    </ClInclude>
    <ClInclude Include="vendor\glm\gtx\normal.hpp">
      <Filter>vendor\glm\gtx</Filter>
    </ClInclude>
    <ClInclude Include="vendor\glm\gtx\normal.inl">
      <Filter>vendor\glm\gtx</Filter>
    </ClInclude>
    <ClInclude Include="vendor\glm\gtx\normalize_dot.hpp">
      <Filter>vendor\glm\gtx</Filter>
    </ClInclude>
    <ClInclude Include="vendor\glm\gtx\normalize_dot.inl">
      <Filter>vendor\glm\gtx</Filter>
    </ClInclude>
    <ClInclude Include="vendor\glm\gtx\number_precision.hpp">
      <Filter>vendor\glm\gtx</Filter>
    </ClInclude>
    <ClInclude Include="vendor\glm\gtx\number_precision.inl">
      <Filter>vendor\glm\gtx</Filter>
    </ClInclude>
    <ClInclude Include="vendor\glm\gtx\optimum_pow.hpp">
      <Filter>vendor\glm\gtx</Filter>
    </ClInclude>
    <ClInclude Include="vendor\glm\gtx\optimum_pow.inl">
      <Filter>vendor\glm\gtx</Filter>
    </ClInclude>
    <ClInclude Include="vendor\glm\gtx\orthonormalize.hpp">
      <Filter>vendor\glm\gtx</Filter>
    </ClInclude>
    <ClInclude Include="vendor\glm\gtx\orthonormalize.inl">
      <Filter>vendor\glm\gtx</Filter>
    </ClInclude>
    <ClInclude Include="vendor\glm\gtx\pca.hpp">
      <Filter>vendor\glm\gtx</Filter>
    </ClInclude>
    <ClInclude Include="vendor\glm\gtx\pca.inl">
      <Filter>vendor\glm\gtx</Filter>
    </ClInclude>
    <ClInclude Include="vendor\glm\gtx\perpendicular.hpp">
      <Filter>vendor\glm\gtx</Filter>
    </ClInclude>
    <ClInclude Include="vendor\glm\gtx\perpendicular.inl">
      <Filter>vendor\glm\gtx</Filter>
    </ClInclude>
    <ClInclude Include="vendor\glm\gtx\polar_coordinates.hpp">
      <Filter>vendor\glm\gtx</Filter>
    </ClInclude>
    <ClInclude Include="vendor\glm\gtx\polar_coordinates.inl">
      <Filter>vendor\glm\gtx</Filter>
    </ClInclude>
    <ClInclude Include="vendor\glm\gtx\projection.hpp">
      <Filter>vendor\glm\gtx</Filter>
    </ClInclude>
    <ClInclude Include="vendor\glm\gtx\projection.inl">
      <Filter>vendor\glm\gtx</Filter>
    </ClInclude>
    <ClInclude Include="vendor\glm\gtx\quaternion.hpp">
      <Filter>vendor\glm\gtx</Filter>
    </ClInclude>
    <ClInclude Include="vendor\glm\gtx\quaternion.inl">
      <Filter>vendor\glm\gtx</Filter>
    </ClInclude>
    <ClInclude Include="vendor\glm\gtx\range.hpp">
      <Filter>vendor\glm\gtx</Filter>
    </ClInclude>
    <ClInclude Include="vendor\glm\gtx\raw_data.hpp">
      <Filter>vendor\glm\gtx</Filter>
    </ClInclude>
    <ClInclude Include="vendor\glm\gtx\raw_data.inl">
      <Filter>vendor\glm\gtx</Filter>
    </ClInclude>
    <ClInclude Include="vendor\glm\gtx\rotate_normalized_axis.hpp">
      <Filter>vendor\glm\gtx</Filter>
    </ClInclude>
    <ClInclude Include="vendor\glm\gtx\rotate_normalized_axis.inl">
      <Filter>vendor\glm\gtx</Filter>
    </ClInclude>
    <ClInclude Include="vendor\glm\gtx\rotate_vector.hpp">
      <Filter>vendor\glm\gtx</Filter>
    </ClInclude>
    <ClInclude Include="vendor\glm\gtx\rotate_vector.inl">
      <Filter>vendor\glm\gtx</Filter>
    </ClInclude>
    <ClInclude Include="vendor\glm\gtx\scalar_multiplication.hpp">
      <Filter>vendor\glm\gtx</Filter>
    </ClInclude>
    <ClInclude Include="vendor\glm\gtx\scalar_relational.hpp">
      <Filter>vendor\glm\gtx</Filter>
    </ClInclude>
    <ClInclude Include="vendor\glm\gtx\scalar_relational.inl">
      <Filter>vendor\glm\gtx</Filter>
    </ClInclude>
    <ClInclude Include="vendor\glm\gtx\spline.hpp">
      <Filter>vendor\glm\gtx</Filter>
    </ClInclude>
    <ClInclude Include="vendor\glm\gtx\spline.inl">
      <Filter>vendor\glm\gtx</Filter>
    </ClInclude>
    <ClInclude Include="vendor\glm\gtx\std_based_type.hpp">
      <Filter>vendor\glm\gtx</Filter>
    </ClInclude>
    <ClInclude Include="vendor\glm\gtx\std_based_type.inl">
      <Filter>vendor\glm\gtx</Filter>
    </ClInclude>
    <ClInclude Include="vendor\glm\gtx\string_cast.hpp">
      <Filter>vendor\glm\gtx</Filter>
    </ClInclude>
    <ClInclude Include="vendor\glm\gtx\string_cast.inl">
      <Filter>vendor\glm\gtx</Filter>
    </ClInclude>
    <ClInclude Include="vendor\glm\gtx\texture.hpp">
      <Filter>vendor\glm\gtx</Filter>
    </ClInclude>
    <ClInclude Include="vendor\glm\gtx\texture.inl">
      <Filter>vendor\glm\gtx</Filter>
    </ClInclude>
    <ClInclude Include="vendor\glm\gtx\transform.hpp">
      <Filter>vendor\glm\gtx</Filter>
    </ClInclude>
    <ClInclude Include="vendor\glm\gtx\transform.inl">
      <Filter>vendor\glm\gtx</Filter>
    </ClInclude>
    <ClInclude Include="vendor\glm\gtx\transform2.hpp">
      <Filter>vendor\glm\gtx</Filter>
    </ClInclude>
    <ClInclude Include="vendor\glm\gtx\transform2.inl">
      <Filter>vendor\glm\gtx</Filter>
    </ClInclude>
    <ClInclude Include="vendor\glm\gtx\type_aligned.hpp">
      <Filter>vendor\glm\gtx</Filter>
    </ClInclude>
    <ClInclude Include="vendor\glm\gtx\type_aligned.inl">
      <Filter>vendor\glm\gtx</Filter>
    </ClInclude>
    <ClInclude Include="vendor\glm\gtx\type_trait.hpp">
      <Filter>vendor\glm\gtx</Filter>
    </ClInclude>
    <ClInclude Include="vendor\glm\gtx\type_trait.inl">
      <Filter>vendor\glm\gtx</Filter>
    </ClInclude>
    <ClInclude Include="vendor\glm\gtx\vec_swizzle.hpp">
      <Filter>vendor\glm\gtx</Filter>
    </ClInclude>
    <ClInclude Include="vendor\glm\gtx\vector_angle.hpp">
      <Filter>vendor\glm\gtx</Filter>
    </ClInclude>
    <ClInclude Include="vendor\glm\gtx\vector_angle.inl">
      <Filter>vendor\glm\gtx</Filter>
    </ClInclude>
    <ClInclude Include="vendor\glm\gtx\vector_query.hpp">
      <Filter>vendor\glm\gtx</Filter>
    </ClInclude>
    <ClInclude Include="vendor\glm\gtx\vector_query.inl">
      <Filter>vendor\glm\gtx</Filter>
    </ClInclude>
    <ClInclude Include="vendor\glm\gtx\wrap.hpp">
      <Filter>vendor\glm\gtx</Filter>
    </ClInclude>
    <ClInclude Include="vendor\glm\gtx\wrap.inl">
      <Filter>vendor\glm\gtx</Filter>
    </ClInclude>
    <ClInclude Include="vendor\glm\integer.hpp">
      <Filter>vendor\glm</Filter>
    </ClInclude>
    <ClInclude Include="vendor\glm\mat2x2.hpp">
      <Filter>vendor\glm</Filter>
    </ClInclude>
    <ClInclude Include="vendor\glm\mat2x3.hpp">
      <Filter>vendor\glm</Filter>
    </ClInclude>
    <ClInclude Include="vendor\glm\mat2x4.hpp">
      <Filter>vendor\glm</Filter>
    </ClInclude>
    <ClInclude Include="vendor\glm\mat3x2.hpp">
      <Filter>vendor\glm</Filter>
    </ClInclude>
    <ClInclude Include="vendor\glm\mat3x3.hpp">
      <Filter>vendor\glm</Filter>
    </ClInclude>
    <ClInclude Include="vendor\glm\mat3x4.hpp">
      <Filter>vendor\glm</Filter>
    </ClInclude>
    <ClInclude Include="vendor\glm\mat4x2.hpp">
      <Filter>vendor\glm</Filter>
    </ClInclude>
    <ClInclude Include="vendor\glm\mat4x3.hpp">
      <Filter>vendor\glm</Filter>
    </ClInclude>
    <ClInclude Include="vendor\glm\mat4x4.hpp">
      <Filter>vendor\glm</Filter>
    </ClInclude>
    <ClInclude Include="vendor\glm\matrix.hpp">
      <Filter>vendor\glm</Filter>
    </ClInclude>
    <ClInclude Include="vendor\glm\packing.hpp">
      <Filter>vendor\glm</Filter>
    </ClInclude>
    <ClInclude Include="vendor\glm\simd\common.h">
      <Filter>vendor\glm\simd</Filter>
    </ClInclude>
    <ClInclude Include="vendor\glm\simd\exponential.h">
      <Filter>vendor\glm\simd</Filter>
    </ClInclude>
    <ClInclude Include="vendor\glm\simd\geometric.h">
      <Filter>vendor\glm\simd</Filter>
    </ClInclude>
    <ClInclude Include="vendor\glm\simd\integer.h">
      <Filter>vendor\glm\simd</Filter>
    </ClInclude>
    <ClInclude Include="vendor\glm\simd\matrix.h">
      <Filter>vendor\glm\simd</Filter>
    </ClInclude>
    <ClInclude Include="vendor\glm\simd\neon.h">
      <Filter>vendor\glm\simd</Filter>
    </ClInclude>
    <ClInclude Include="vendor\glm\simd\packing.h">
      <Filter>vendor\glm\simd</Filter>
    </ClInclude>
    <ClInclude Include="vendor\glm\simd\platform.h">
      <Filter>vendor\glm\simd</Filter>
    </ClInclude>
    <ClInclude Include="vendor\glm\simd\trigonometric.h">
      <Filter>vendor\glm\simd</Filter>
    </ClInclude>
    <ClInclude Include="vendor\glm\simd\vector_relational.h">
      <Filter>vendor\glm\simd</Filter>
    </ClInclude>
    <ClInclude Include="vendor\glm\trigonometric.hpp">
      <Filter>vendor\glm</Filter>
    </ClInclude>
    <ClInclude Include="vendor\glm\vec2.hpp">
      <Filter>vendor\glm</Filter>
    </ClInclude>
    <ClInclude Include="vendor\glm\vec3.hpp">
      <Filter>vendor\glm</Filter>
    </ClInclude>
    <ClInclude Include="vendor\glm\vec4.hpp">
      <Filter>vendor\glm</Filter>
    </ClInclude>
    <ClInclude Include="vendor\glm\vector_relational.hpp">
      <Filter>vendor\glm</Filter>
    </ClInclude>
    <ClInclude Include="vendor\glslang\Include\BaseTypes.h">
      <Filter>vendor\glslang\Include</Filter>
    </ClInclude>
    <ClInclude Include="vendor\glslang\Include\Common.h">
      <Filter>vendor\glslang\Include</Filter>
    </ClInclude>
    <ClInclude Include="vendor\glslang\Include\ConstantUnion.h">
      <Filter>vendor\glslang\Include</Filter>
    </ClInclude>
    <ClInclude Include="vendor\glslang\Include\PoolAlloc.h">
      <Filter>vendor\glslang\Include</Filter>
    </ClInclude>
    <ClInclude Include="vendor\glslang\Include\ResourceLimits.h">
      <Filter>vendor\glslang\Include</Filter>
    </ClInclude>
    <ClInclude Include="vendor\glslang\Include\SpirvIntrinsics.h">
      <Filter>vendor\glslang\Include</Filter>
    </ClInclude>
    <ClInclude Include="vendor\glslang\Include\Types.h">
      <Filter>vendor\glslang\Include</Filter>
    </ClInclude>
    <ClInclude Include="vendor\glslang\Include\arrays.h">
      <Filter>vendor\glslang\Include</Filter>
    </ClInclude>
    <ClInclude Include="vendor\glslang\Include\intermediate.h">
      <Filter>vendor\glslang\Include</Filter>
    </ClInclude>
    <ClInclude Include="vendor\glslang\MachineIndependent\Versions.h">
      <Filter>vendor\glslang\MachineIndependent</Filter>
    </ClInclude>
    <ClInclude Include="vendor\glslang\MachineIndependent\localintermediate.h">
      <Filter>vendor\glslang\MachineIndependent</Filter>
    </ClInclude>
    <ClInclude Include="vendor\glslang\Public\ShaderLang.h">
      <Filter>vendor\glslang\Public</Filter>
    </ClInclude>
    <ClInclude Include="vendor\glslang\SPIRV\GlslangToSpv.h">
      <Filter>vendor\glslang\SPIRV</Filter>
    </ClInclude>
    <ClInclude Include="vendor\glslang\SPIRV\Logger.h">
      <Filter>vendor\glslang\SPIRV</Filter>
    </ClInclude>
    <ClInclude Include="vendor\glslang\SPIRV\SPVRemapper.h">
      <Filter>vendor\glslang\SPIRV</Filter>
    </ClInclude>
    <ClInclude Include="vendor\glslang\SPIRV\SpvTools.h">
      <Filter>vendor\glslang\SPIRV</Filter>
    </ClInclude>
    <ClInclude Include="vendor\glslang\SPIRV\spirv.hpp">
      <Filter>vendor\glslang\SPIRV</Filter>
    </ClInclude>
    <ClInclude Include="vendor\glslang\SPIRV\spvIR.h">
      <Filter>vendor\glslang\SPIRV</Filter>
    </ClInclude>
    <ClInclude Include="vendor\shaderc\env.h">
      <Filter>vendor\shaderc</Filter>
    </ClInclude>
    <ClInclude Include="vendor\shaderc\shaderc.h">
      <Filter>vendor\shaderc</Filter>
    </ClInclude>
    <ClInclude Include="vendor\shaderc\shaderc.hpp">
      <Filter>vendor\shaderc</Filter>
    </ClInclude>
    <ClInclude Include="vendor\shaderc\status.h">
      <Filter>vendor\shaderc</Filter>
    </ClInclude>
    <ClInclude Include="vendor\shaderc\visibility.h">
      <Filter>vendor\shaderc</Filter>
    </ClInclude>
    <ClInclude Include="vendor\spirv-headers\GLSL.std.450.h">
      <Filter>vendor\spirv-headers</Filter>
    </ClInclude>
    <ClInclude Include="vendor\spirv-headers\spirv.h">
      <Filter>vendor\spirv-headers</Filter>
    </ClInclude>
    <ClInclude Include="vendor\spirv-headers\spirv.hpp">
      <Filter>vendor\spirv-headers</Filter>
    </ClInclude>
    <ClInclude Include="vendor\spirv-tools\libspirv.h">
      <Filter>vendor\spirv-tools</Filter>
    </ClInclude>
    <ClInclude Include="vendor\spirv-tools\libspirv.hpp">
      <Filter>vendor\spirv-tools</Filter>
    </ClInclude>
    <ClInclude Include="vendor\spirv-tools\linker.hpp">
      <Filter>vendor\spirv-tools</Filter>
    </ClInclude>
    <ClInclude Include="vendor\spirv-tools\optimizer.hpp">
      <Filter>vendor\spirv-tools</Filter>
    </ClInclude>
    <ClInclude Include="vendor\spirv_cross\GLSL.std.450.h">
      <Filter>vendor\spirv_cross</Filter>
    </ClInclude>
    <ClInclude Include="vendor\spirv_cross\spirv.h">
      <Filter>vendor\spirv_cross</Filter>
    </ClInclude>
    <ClInclude Include="vendor\spirv_cross\spirv.hpp">
      <Filter>vendor\spirv_cross</Filter>
    </ClInclude>
    <ClInclude Include="vendor\spirv_cross\spirv_cfg.hpp">
      <Filter>vendor\spirv_cross</Filter>
    </ClInclude>
    <ClInclude Include="vendor\spirv_cross\spirv_common.hpp">
      <Filter>vendor\spirv_cross</Filter>
    </ClInclude>
    <ClInclude Include="vendor\spirv_cross\spirv_cross.hpp">
      <Filter>vendor\spirv_cross</Filter>
    </ClInclude>
    <ClInclude Include="vendor\spirv_cross\spirv_cross_c.h">
      <Filter>vendor\spirv_cross</Filter>
    </ClInclude>
    <ClInclude Include="vendor\spirv_cross\spirv_cross_containers.hpp">
      <Filter>vendor\spirv_cross</Filter>
    </ClInclude>
    <ClInclude Include="vendor\spirv_cross\spirv_cross_error_handling.hpp">
      <Filter>vendor\spirv_cross</Filter>
    </ClInclude>
    <ClInclude Include="vendor\spirv_cross\spirv_cross_parsed_ir.hpp">
      <Filter>vendor\spirv_cross</Filter>
    </ClInclude>
    <ClInclude Include="vendor\spirv_cross\spirv_glsl.hpp">
      <Filter>vendor\spirv_cross</Filter>
    </ClInclude>
    <ClInclude Include="vendor\spirv_cross\spirv_hlsl.hpp">
      <Filter>vendor\spirv_cross</Filter>
    </ClInclude>
    <ClInclude Include="vendor\spirv_cross\spirv_msl.hpp">
      <Filter>vendor\spirv_cross</Filter>
    </ClInclude>
    <ClInclude Include="vendor\spirv_cross\spirv_parser.hpp">
      <Filter>vendor\spirv_cross</Filter>
    </ClInclude>
    <ClInclude Include="vendor\spirv_cross\spirv_reflect.hpp">
      <Filter>vendor\spirv_cross</Filter>
    </ClInclude>
    <ClInclude Include="vendor\stb_image.h">
      <Filter>vendor</Filter>
    </ClInclude>
    <ClInclude Include="vendor\vk_video\vulkan_video_codec_h264std.h">
      <Filter>vendor\vk_video</Filter>
    </ClInclude>
    <ClInclude Include="vendor\vk_video\vulkan_video_codec_h264std_decode.h">
      <Filter>vendor\vk_video</Filter>
    </ClInclude>
    <ClInclude Include="vendor\vk_video\vulkan_video_codec_h264std_encode.h">
      <Filter>vendor\vk_video</Filter>
    </ClInclude>
    <ClInclude Include="vendor\vk_video\vulkan_video_codec_h265std.h">
      <Filter>vendor\vk_video</Filter>
    </ClInclude>
    <ClInclude Include="vendor\vk_video\vulkan_video_codec_h265std_decode.h">
      <Filter>vendor\vk_video</Filter>
    </ClInclude>
    <ClInclude Include="vendor\vk_video\vulkan_video_codec_h265std_encode.h">
      <Filter>vendor\vk_video</Filter>
    </ClInclude>
    <ClInclude Include="vendor\vk_video\vulkan_video_codecs_common.h">
      <Filter>vendor\vk_video</Filter>
    </ClInclude>
    <ClInclude Include="vendor\vma\src\Common.h">
      <Filter>vendor\vma\src</Filter>
    </ClInclude>
    <ClInclude Include="vendor\vma\src\SparseBindingTest.h">
      <Filter>vendor\vma\src</Filter>
    </ClInclude>
    <ClInclude Include="vendor\vma\src\Tests.h">
      <Filter>vendor\vma\src</Filter>
    </ClInclude>
    <ClInclude Include="vendor\vma\src\VmaUsage.h">
      <Filter>vendor\vma\src</Filter>
    </ClInclude>
    <ClInclude Include="vendor\vma\vk_mem_alloc.h">
      <Filter>vendor\vma</Filter>
    </ClInclude>
    <ClInclude Include="vendor\volk\volk.h">
      <Filter>vendor\volk</Filter>
    </ClInclude>
    <ClInclude Include="vendor\vulkan\vk_enum_string_helper.h">
      <Filter>vendor\vulkan</Filter>
    </ClInclude>
    <ClInclude Include="vendor\vulkan\vk_icd.h">
      <Filter>vendor\vulkan</Filter>
    </ClInclude>
    <ClInclude Include="vendor\vulkan\vk_layer.h">
      <Filter>vendor\vulkan</Filter>
    </ClInclude>
    <ClInclude Include="vendor\vulkan\vk_platform.h">
      <Filter>vendor\vulkan</Filter>
    </ClInclude>
    <ClInclude Include="vendor\vulkan\vk_sdk_platform.h">
      <Filter>vendor\vulkan</Filter>
    </ClInclude>
    <ClInclude Include="vendor\vulkan\vulkan.h">
      <Filter>vendor\vulkan</Filter>
    </ClInclude>
    <ClInclude Include="vendor\vulkan\vulkan.hpp">
      <Filter>vendor\vulkan</Filter>
    </ClInclude>
    <ClInclude Include="vendor\vulkan\vulkan_android.h">
      <Filter>vendor\vulkan</Filter>
    </ClInclude>
    <ClInclude Include="vendor\vulkan\vulkan_beta.h">
      <Filter>vendor\vulkan</Filter>
    </ClInclude>
    <ClInclude Include="vendor\vulkan\vulkan_core.h">
      <Filter>vendor\vulkan</Filter>
    </ClInclude>
    <ClInclude Include="vendor\vulkan\vulkan_directfb.h">
      <Filter>vendor\vulkan</Filter>
    </ClInclude>
    <ClInclude Include="vendor\vulkan\vulkan_enums.hpp">
      <Filter>vendor\vulkan</Filter>
    </ClInclude>
    <ClInclude Include="vendor\vulkan\vulkan_format_traits.hpp">
      <Filter>vendor\vulkan</Filter>
    </ClInclude>
    <ClInclude Include="vendor\vulkan\vulkan_fuchsia.h">
      <Filter>vendor\vulkan</Filter>
    </ClInclude>
    <ClInclude Include="vendor\vulkan\vulkan_funcs.hpp">
      <Filter>vendor\vulkan</Filter>
    </ClInclude>
    <ClInclude Include="vendor\vulkan\vulkan_ggp.h">
      <Filter>vendor\vulkan</Filter>
    </ClInclude>
    <ClInclude Include="vendor\vulkan\vulkan_handles.hpp">
      <Filter>vendor\vulkan</Filter>
    </ClInclude>
    <ClInclude Include="vendor\vulkan\vulkan_hash.hpp">
      <Filter>vendor\vulkan</Filter>
    </ClInclude>
    <ClInclude Include="vendor\vulkan\vulkan_ios.h">
      <Filter>vendor\vulkan</Filter>
    </ClInclude>
    <ClInclude Include="vendor\vulkan\vulkan_macos.h">
      <Filter>vendor\vulkan</Filter>
    </ClInclude>
    <ClInclude Include="vendor\vulkan\vulkan_metal.h">
      <Filter>vendor\vulkan</Filter>
    </ClInclude>
    <ClInclude Include="vendor\vulkan\vulkan_profiles.h">
      <Filter>vendor\vulkan</Filter>
    </ClInclude>
    <ClInclude Include="vendor\vulkan\vulkan_profiles.hpp">
      <Filter>vendor\vulkan</Filter>
    </ClInclude>
    <ClInclude Include="vendor\vulkan\vulkan_raii.hpp">
      <Filter>vendor\vulkan</Filter>
    </ClInclude>
    <ClInclude Include="vendor\vulkan\vulkan_screen.h">
      <Filter>vendor\vulkan</Filter>
    </ClInclude>
    <ClInclude Include="vendor\vulkan\vulkan_structs.hpp">
      <Filter>vendor\vulkan</Filter>
    </ClInclude>
    <ClInclude Include="vendor\vulkan\vulkan_vi.h">
      <Filter>vendor\vulkan</Filter>
    </ClInclude>
    <ClInclude Include="vendor\vulkan\vulkan_wayland.h">
      <Filter>vendor\vulkan</Filter>
    </ClInclude>
    <ClInclude Include="vendor\vulkan\vulkan_win32.h">
      <Filter>vendor\vulkan</Filter>
    </ClInclude>
    <ClInclude Include="vendor\vulkan\vulkan_xcb.h">
      <Filter>vendor\vulkan</Filter>
    </ClInclude>
    <ClInclude Include="vendor\vulkan\vulkan_xlib.h">
      <Filter>vendor\vulkan</Filter>
    </ClInclude>
    <ClInclude Include="vendor\vulkan\vulkan_xlib_xrandr.h">
      <Filter>vendor\vulkan</Filter>
    </ClInclude>
    <ClInclude Include="include\ORE\Vulkan\GraphicsPipeline.h" />
  </ItemGroup>
  <ItemGroup>
    <ClCompile Include="src\Vulkan\Renderer.cpp">
      <Filter>src\Vulkan</Filter>
    </ClCompile>
    <ClCompile Include="src\Window.cpp">
      <Filter>src</Filter>
    </ClCompile>
    <ClCompile Include="src\main.cpp">
      <Filter>src</Filter>
    </ClCompile>
    <ClCompile Include="vendor\glm\detail\glm.cpp">
      <Filter>vendor\glm\detail</Filter>
    </ClCompile>
    <ClCompile Include="vendor\vma\src\Common.cpp">
      <Filter>vendor\vma\src</Filter>
    </ClCompile>
    <ClCompile Include="vendor\vma\src\SparseBindingTest.cpp">
      <Filter>vendor\vma\src</Filter>
    </ClCompile>
    <ClCompile Include="vendor\vma\src\Tests.cpp">
      <Filter>vendor\vma\src</Filter>
    </ClCompile>
    <ClCompile Include="vendor\vma\src\VmaUsage.cpp">
      <Filter>vendor\vma\src</Filter>
    </ClCompile>
    <ClCompile Include="vendor\vma\src\VulkanSample.cpp">
      <Filter>vendor\vma\src</Filter>
    </ClCompile>
    <ClCompile Include="vendor\volk\volk.c">
      <Filter>vendor\volk</Filter>
    </ClCompile>
    <ClCompile Include="src\Vulkan\GraphicsPipeline.cpp" />
  </ItemGroup>
  <ItemGroup>
    <None Include=".vs\ORE\v17\ipch\AutoPCH\9725e0f2fa789f16\MAIN.ipch">
      <Filter>.vs\ORE\v17\ipch\AutoPCH\9725e0f2fa789f16</Filter>
    </None>
    <None Include="obj\x64\Debug\Window.obj">
      <Filter>obj\x64\Debug</Filter>
    </None>
    <None Include="obj\x64\Debug\main.obj">
      <Filter>obj\x64\Debug</Filter>
    </None>
    <None Include="obj\x64\ExecTest\Window.obj">
      <Filter>obj\x64\ExecTest</Filter>
    </None>
    <None Include="obj\x64\ExecTest\main.obj">
      <Filter>obj\x64\ExecTest</Filter>
    </None>
    <None Include="obj\x64\ExecTest\window.obj.enc">
      <Filter>obj\x64\ExecTest</Filter>
    </None>
    <None Include="vendor\freetype\LICENSE.TXT">
      <Filter>vendor\freetype</Filter>
    </None>
    <None Include="vendor\freetype\docs\.gitignore">
      <Filter>vendor\freetype\docs</Filter>
    </None>
    <None Include="vendor\freetype\docs\CHANGES">
      <Filter>vendor\freetype\docs</Filter>
    </None>
    <None Include="vendor\freetype\docs\CMAKE">
      <Filter>vendor\freetype\docs</Filter>
    </None>
    <None Include="vendor\freetype\docs\CUSTOMIZE">
      <Filter>vendor\freetype\docs</Filter>
    </None>
    <None Include="vendor\freetype\docs\DEBUG">
      <Filter>vendor\freetype\docs</Filter>
    </None>
    <None Include="vendor\freetype\docs\DOCGUIDE">
      <Filter>vendor\freetype\docs</Filter>
    </None>
    <None Include="vendor\freetype\docs\FTL.TXT">
      <Filter>vendor\freetype\docs</Filter>
    </None>
    <None Include="vendor\freetype\docs\GPLv2.TXT">
      <Filter>vendor\freetype\docs</Filter>
    </None>
    <None Include="vendor\freetype\docs\INSTALL">
      <Filter>vendor\freetype\docs</Filter>
    </None>
    <None Include="vendor\freetype\docs\INSTALL.ANY">
      <Filter>vendor\freetype\docs</Filter>
    </None>
    <None Include="vendor\freetype\docs\INSTALL.CROSS">
      <Filter>vendor\freetype\docs</Filter>
    </None>
    <None Include="vendor\freetype\docs\INSTALL.GNU">
      <Filter>vendor\freetype\docs</Filter>
    </None>
    <None Include="vendor\freetype\docs\INSTALL.MAC">
      <Filter>vendor\freetype\docs</Filter>
    </None>
    <None Include="vendor\freetype\docs\INSTALL.UNIX">
      <Filter>vendor\freetype\docs</Filter>
    </None>
    <None Include="vendor\freetype\docs\INSTALL.VMS">
      <Filter>vendor\freetype\docs</Filter>
    </None>
    <None Include="vendor\freetype\docs\MAKEPP">
      <Filter>vendor\freetype\docs</Filter>
    </None>
    <None Include="vendor\freetype\docs\PROBLEMS">
      <Filter>vendor\freetype\docs</Filter>
    </None>
    <None Include="vendor\freetype\docs\README">
      <Filter>vendor\freetype\docs</Filter>
    </None>
    <None Include="vendor\freetype\docs\TODO">
      <Filter>vendor\freetype\docs</Filter>
    </None>
    <None Include="vendor\freetype\docs\VERSIONS.TXT">
      <Filter>vendor\freetype\docs</Filter>
    </None>
    <None Include="vendor\freetype\docs\formats.txt">
      <Filter>vendor\freetype\docs</Filter>
    </None>
    <None Include="vendor\freetype\docs\freetype-config.1">
      <Filter>vendor\freetype\docs</Filter>
    </None>
    <None Include="vendor\freetype\docs\markdown\images\favico.ico">
      <Filter>vendor\freetype\docs\markdown\images</Filter>
    </None>
    <None Include="vendor\freetype\docs\markdown\javascripts\extra.js">
      <Filter>vendor\freetype\docs\markdown\javascripts</Filter>
    </None>
    <None Include="vendor\freetype\docs\markdown\stylesheets\extra.css">
      <Filter>vendor\freetype\docs\markdown\stylesheets</Filter>
    </None>
    <None Include="vendor\freetype\docs\oldlogs\ChangeLog.20">
      <Filter>vendor\freetype\docs\oldlogs</Filter>
    </None>
    <None Include="vendor\freetype\docs\oldlogs\ChangeLog.21">
      <Filter>vendor\freetype\docs\oldlogs</Filter>
    </None>
    <None Include="vendor\freetype\docs\oldlogs\ChangeLog.210">
      <Filter>vendor\freetype\docs\oldlogs</Filter>
    </None>
    <None Include="vendor\freetype\docs\oldlogs\ChangeLog.22">
      <Filter>vendor\freetype\docs\oldlogs</Filter>
    </None>
    <None Include="vendor\freetype\docs\oldlogs\ChangeLog.23">
      <Filter>vendor\freetype\docs\oldlogs</Filter>
    </None>
    <None Include="vendor\freetype\docs\oldlogs\ChangeLog.24">
      <Filter>vendor\freetype\docs\oldlogs</Filter>
    </None>
    <None Include="vendor\freetype\docs\oldlogs\ChangeLog.25">
      <Filter>vendor\freetype\docs\oldlogs</Filter>
    </None>
    <None Include="vendor\freetype\docs\oldlogs\ChangeLog.26">
      <Filter>vendor\freetype\docs\oldlogs</Filter>
    </None>
    <None Include="vendor\freetype\docs\oldlogs\ChangeLog.27">
      <Filter>vendor\freetype\docs\oldlogs</Filter>
    </None>
    <None Include="vendor\freetype\docs\oldlogs\ChangeLog.28">
      <Filter>vendor\freetype\docs\oldlogs</Filter>
    </None>
    <None Include="vendor\freetype\docs\oldlogs\ChangeLog.29">
      <Filter>vendor\freetype\docs\oldlogs</Filter>
    </None>
    <None Include="vendor\freetype\docs\raster.txt">
      <Filter>vendor\freetype\docs</Filter>
    </None>
    <None Include="vendor\freetype\docs\release">
      <Filter>vendor\freetype\docs</Filter>
    </None>
    <None Include="vendor\libs\Debug\freetyped.lib">
      <Filter>vendor\libs\Debug</Filter>
    </None>
    <None Include="vendor\libs\Debug\freetyped.pdb">
      <Filter>vendor\libs\Debug</Filter>
    </None>
    <None Include="vendor\libs\Release\freetype.lib">
      <Filter>vendor\libs\Release</Filter>
    </None>
    <None Include="vendor\libs\glfw3.lib">
      <Filter>vendor\libs</Filter>
    </None>
    <None Include="vendor\libs\glfw3_mt.lib">
      <Filter>vendor\libs</Filter>
    </None>
    <None Include="vendor\spirv-headers\spirv.hpp11">
      <Filter>vendor\spirv-headers</Filter>
    </None>
    <None Include="vendor\spirv-headers\spirv.json">
      <Filter>vendor\spirv-headers</Filter>
    </None>
    <None Include="vendor\spirv-headers\spirv.lua">
      <Filter>vendor\spirv-headers</Filter>
    </None>
    <None Include="vendor\spirv-headers\spirv.py">
      <Filter>vendor\spirv-headers</Filter>
    </None>
    <None Include="vendor\vma\.git\HEAD">
      <Filter>vendor\vma\.git</Filter>
    </None>
    <None Include="vendor\vma\.git\config">
      <Filter>vendor\vma\.git</Filter>
    </None>
    <None Include="vendor\vma\.git\description">
      <Filter>vendor\vma\.git</Filter>
    </None>
    <None Include="vendor\vma\.git\hooks\applypatch-msg.sample">
      <Filter>vendor\vma\.git\hooks</Filter>
    </None>
    <None Include="vendor\vma\.git\hooks\commit-msg.sample">
      <Filter>vendor\vma\.git\hooks</Filter>
    </None>
    <None Include="vendor\vma\.git\hooks\fsmonitor-watchman.sample">
      <Filter>vendor\vma\.git\hooks</Filter>
    </None>
    <None Include="vendor\vma\.git\hooks\post-update.sample">
      <Filter>vendor\vma\.git\hooks</Filter>
    </None>
    <None Include="vendor\vma\.git\hooks\pre-applypatch.sample">
      <Filter>vendor\vma\.git\hooks</Filter>
    </None>
    <None Include="vendor\vma\.git\hooks\pre-commit.sample">
      <Filter>vendor\vma\.git\hooks</Filter>
    </None>
    <None Include="vendor\vma\.git\hooks\pre-merge-commit.sample">
      <Filter>vendor\vma\.git\hooks</Filter>
    </None>
    <None Include="vendor\vma\.git\hooks\pre-push.sample">
      <Filter>vendor\vma\.git\hooks</Filter>
    </None>
    <None Include="vendor\vma\.git\hooks\pre-rebase.sample">
      <Filter>vendor\vma\.git\hooks</Filter>
    </None>
    <None Include="vendor\vma\.git\hooks\pre-receive.sample">
      <Filter>vendor\vma\.git\hooks</Filter>
    </None>
    <None Include="vendor\vma\.git\hooks\prepare-commit-msg.sample">
      <Filter>vendor\vma\.git\hooks</Filter>
    </None>
    <None Include="vendor\vma\.git\hooks\push-to-checkout.sample">
      <Filter>vendor\vma\.git\hooks</Filter>
    </None>
    <None Include="vendor\vma\.git\hooks\update.sample">
      <Filter>vendor\vma\.git\hooks</Filter>
    </None>
    <None Include="vendor\vma\.git\index">
      <Filter>vendor\vma\.git</Filter>
    </None>
    <None Include="vendor\vma\.git\info\exclude">
      <Filter>vendor\vma\.git\info</Filter>
    </None>
    <None Include="vendor\vma\.git\logs\HEAD">
      <Filter>vendor\vma\.git\logs</Filter>
    </None>
    <None Include="vendor\vma\.git\logs\refs\heads\master">
      <Filter>vendor\vma\.git\logs\refs\heads</Filter>
    </None>
    <None Include="vendor\vma\.git\logs\refs\remotes\origin\HEAD">
      <Filter>vendor\vma\.git\logs\refs\remotes\origin</Filter>
    </None>
    <None Include="vendor\vma\.git\objects\pack\pack-8b8cd59a0a3195f40b7285c163d0cc74de108ef4.idx">
      <Filter>vendor\vma\.git\objects\pack</Filter>
    </None>
    <None Include="vendor\vma\.git\objects\pack\pack-8b8cd59a0a3195f40b7285c163d0cc74de108ef4.pack">
      <Filter>vendor\vma\.git\objects\pack</Filter>
    </None>
    <None Include="vendor\vma\.git\packed-refs">
      <Filter>vendor\vma\.git</Filter>
    </None>
    <None Include="vendor\vma\.git\refs\heads\master">
      <Filter>vendor\vma\.git\refs\heads</Filter>
    </None>
    <None Include="vendor\vma\.git\refs\remotes\origin\HEAD">
      <Filter>vendor\vma\.git\refs\remotes\origin</Filter>
    </None>
    <None Include="vendor\vma\LICENSE.txt">
      <Filter>vendor\vma</Filter>
    </None>
    <None Include="vendor\volk\LICENSE.md">
      <Filter>vendor\volk</Filter>
    </None>
    <None Include="x64\Debug\Window.obj">
      <Filter>x64\Debug</Filter>
    </None>
    <None Include="x64\Debug\main.obj">
      <Filter>x64\Debug</Filter>
    </None>
  </ItemGroup>
</Project>